// !$*UTF8*$!
{
	archiveVersion = 1;
	classes = {
	};
	objectVersion = 77;
	objects = {

/* Begin PBXBuildFile section */
		0895BC27BCE593660C12C549 /* APIClient.swift in Sources */ = {isa = PBXBuildFile; fileRef = 9C87A75BF6020544068175DB /* APIClient.swift */; };
		20EEEB892ABBB2D449414230 /* AppPreferencesStore.swift in Sources */ = {isa = PBXBuildFile; fileRef = CEBEFEEB15458A49DD869D9C /* AppPreferencesStore.swift */; };
		28C3CA0F67263FDDB8B56BC6 /* DraftStore.swift in Sources */ = {isa = PBXBuildFile; fileRef = B0305EB10787A1AFD17B0763 /* DraftStore.swift */; };
		31D3E69573488B78D0CB06CD /* BackgroundMessageSynchronizer.swift in Sources */ = {isa = PBXBuildFile; fileRef = B6FFEB6CEF1DC23D84E2D6E8 /* BackgroundMessageSynchronizer.swift */; };
		327E3FB231D4230F733DE296 /* ConnectionSetupView.swift in Sources */ = {isa = PBXBuildFile; fileRef = D3229E151805995BAC765CA5 /* ConnectionSetupView.swift */; };
		3680126AAB9A4B864417221B /* AppSettingsView.swift in Sources */ = {isa = PBXBuildFile; fileRef = B02D9A460B6438D75BA42C97 /* AppSettingsView.swift */; };
		3CCF6B3013E9F72DC0019A99 /* ChatRow.swift in Sources */ = {isa = PBXBuildFile; fileRef = 7E50ABB31D617C33E5D18AB3 /* ChatRow.swift */; };
		47E4E3D3A703CBEF36C23457 /* WhatsAppTranslatorApp.swift in Sources */ = {isa = PBXBuildFile; fileRef = DA3585A0CD9B815DA310E607 /* WhatsAppTranslatorApp.swift */; };
		4959160847534F73298211E3 /* CredentialStore.swift in Sources */ = {isa = PBXBuildFile; fileRef = 6010E7F3A59C4304404C23EE /* CredentialStore.swift */; };
		735F161402677A60DE279113 /* APIModels.swift in Sources */ = {isa = PBXBuildFile; fileRef = 36B87B06CB38D86E0649AA09 /* APIModels.swift */; };
		78E3B708559B4FCB3AB4D251 /* RichMessageContentView.swift in Sources */ = {isa = PBXBuildFile; fileRef = 11C1D91E4A79E0B65279462F /* RichMessageContentView.swift */; };
		7D30E1D7FEA454CD203E0D42 /* MessageBubble.swift in Sources */ = {isa = PBXBuildFile; fileRef = ED7F14E9137C449ADE8AACC8 /* MessageBubble.swift */; };
		7F84E3537A6CA594E2BC06B6 /* ServerConfiguration.swift in Sources */ = {isa = PBXBuildFile; fileRef = E5E191235093F4FC4348DD04 /* ServerConfiguration.swift */; };
		86EFB7940AFD49BB7F76166A /* ContactAvatar.swift in Sources */ = {isa = PBXBuildFile; fileRef = CAEF803559BBA8F957FAD8DC /* ContactAvatar.swift */; };
		87D82D518AC005C9DFB4211D /* ComposerView.swift in Sources */ = {isa = PBXBuildFile; fileRef = A64F362849BF63C72671AB9F /* ComposerView.swift */; };
		963C9A055B94E3C97AC2D614 /* ChatCacheStore.swift in Sources */ = {isa = PBXBuildFile; fileRef = 3962C05E7905F4A73E9D2CE6 /* ChatCacheStore.swift */; };
		AF82ECAAAB2C67500F855E2F /* ChatListView.swift in Sources */ = {isa = PBXBuildFile; fileRef = 4AEC105D96EBB09CD38C98D6 /* ChatListView.swift */; };
		B8263022328BDCE84AFB1502 /* TimezonePickerView.swift in Sources */ = {isa = PBXBuildFile; fileRef = AA427F451FCCC2F453CC8AAC /* TimezonePickerView.swift */; };
		B9110CE3FFDCBCD2F04DCDC1 /* ConversationSettingsView.swift in Sources */ = {isa = PBXBuildFile; fileRef = 6D76A610B739758653D9DE58 /* ConversationSettingsView.swift */; };
		C54AF7DDBDFBF90FCF0671F6 /* AppSession.swift in Sources */ = {isa = PBXBuildFile; fileRef = 2C378B31FDDE9FBDF9DA8364 /* AppSession.swift */; };
		D5A470D75918E5401AB30CD9 /* TranslatorTheme.swift in Sources */ = {isa = PBXBuildFile; fileRef = B4BF31391B23EBC8C173DBB4 /* TranslatorTheme.swift */; };
		DE532ACEF0383C22096D0706 /* Assets.xcassets in Resources */ = {isa = PBXBuildFile; fileRef = 38664CBA8762F693B0DE2C00 /* Assets.xcassets */; };
		EA961E6FE2A5E1C0DAF697EB /* ConversationView.swift in Sources */ = {isa = PBXBuildFile; fileRef = 485D8A29673EDFD9E9DC6B01 /* ConversationView.swift */; };
		F764123946C2D2A9E69E132B /* WhatsAppTranslatorTests.swift in Sources */ = {isa = PBXBuildFile; fileRef = 34A53B26A81039B43C48A49B /* WhatsAppTranslatorTests.swift */; };
		FA6E1D00CCEB2274A72A4339 /* PushNotificationCoordinator.swift in Sources */ = {isa = PBXBuildFile; fileRef = 519C8762FDD069963579930A /* PushNotificationCoordinator.swift */; };
/* End PBXBuildFile section */

/* Begin PBXContainerItemProxy section */
		80B918B235B9F557DA8C0DBF /* PBXContainerItemProxy */ = {
			isa = PBXContainerItemProxy;
			containerPortal = 5B8FAE79EDFC3627EE13D148 /* Project object */;
			proxyType = 1;
			remoteGlobalIDString = 8D381D652B7E90F95C8BC507;
			remoteInfo = WhatsAppTranslator;
		};
/* End PBXContainerItemProxy section */

/* Begin PBXFileReference section */
		0722A5293307242D843D4E79 /* WhatsAppTranslator.entitlements */ = {isa = PBXFileReference; lastKnownFileType = text.plist.entitlements; path = WhatsAppTranslator.entitlements; sourceTree = "<group>"; };
		11C1D91E4A79E0B65279462F /* RichMessageContentView.swift */ = {isa = PBXFileReference; lastKnownFileType = sourcecode.swift; path = RichMessageContentView.swift; sourceTree = "<group>"; };
		2C378B31FDDE9FBDF9DA8364 /* AppSession.swift */ = {isa = PBXFileReference; lastKnownFileType = sourcecode.swift; path = AppSession.swift; sourceTree = "<group>"; };
		34A53B26A81039B43C48A49B /* WhatsAppTranslatorTests.swift */ = {isa = PBXFileReference; lastKnownFileType = sourcecode.swift; path = WhatsAppTranslatorTests.swift; sourceTree = "<group>"; };
		36B87B06CB38D86E0649AA09 /* APIModels.swift */ = {isa = PBXFileReference; lastKnownFileType = sourcecode.swift; path = APIModels.swift; sourceTree = "<group>"; };
		38664CBA8762F693B0DE2C00 /* Assets.xcassets */ = {isa = PBXFileReference; lastKnownFileType = folder.assetcatalog; path = Assets.xcassets; sourceTree = "<group>"; };
		3962C05E7905F4A73E9D2CE6 /* ChatCacheStore.swift */ = {isa = PBXFileReference; lastKnownFileType = sourcecode.swift; path = ChatCacheStore.swift; sourceTree = "<group>"; };
		3B6DC6814404AFF8D148A0D0 /* Info.plist */ = {isa = PBXFileReference; lastKnownFileType = text.plist; path = Info.plist; sourceTree = "<group>"; };
		485D8A29673EDFD9E9DC6B01 /* ConversationView.swift */ = {isa = PBXFileReference; lastKnownFileType = sourcecode.swift; path = ConversationView.swift; sourceTree = "<group>"; };
		4AEC105D96EBB09CD38C98D6 /* ChatListView.swift */ = {isa = PBXFileReference; lastKnownFileType = sourcecode.swift; path = ChatListView.swift; sourceTree = "<group>"; };
		519C8762FDD069963579930A /* PushNotificationCoordinator.swift */ = {isa = PBXFileReference; lastKnownFileType = sourcecode.swift; path = PushNotificationCoordinator.swift; sourceTree = "<group>"; };
		6010E7F3A59C4304404C23EE /* CredentialStore.swift */ = {isa = PBXFileReference; lastKnownFileType = sourcecode.swift; path = CredentialStore.swift; sourceTree = "<group>"; };
		6D76A610B739758653D9DE58 /* ConversationSettingsView.swift */ = {isa = PBXFileReference; lastKnownFileType = sourcecode.swift; path = ConversationSettingsView.swift; sourceTree = "<group>"; };
		7E50ABB31D617C33E5D18AB3 /* ChatRow.swift */ = {isa = PBXFileReference; lastKnownFileType = sourcecode.swift; path = ChatRow.swift; sourceTree = "<group>"; };
		9C87A75BF6020544068175DB /* APIClient.swift */ = {isa = PBXFileReference; lastKnownFileType = sourcecode.swift; path = APIClient.swift; sourceTree = "<group>"; };
		A64F362849BF63C72671AB9F /* ComposerView.swift */ = {isa = PBXFileReference; lastKnownFileType = sourcecode.swift; path = ComposerView.swift; sourceTree = "<group>"; };
		AA427F451FCCC2F453CC8AAC /* TimezonePickerView.swift */ = {isa = PBXFileReference; lastKnownFileType = sourcecode.swift; path = TimezonePickerView.swift; sourceTree = "<group>"; };
		B02D9A460B6438D75BA42C97 /* AppSettingsView.swift */ = {isa = PBXFileReference; lastKnownFileType = sourcecode.swift; path = AppSettingsView.swift; sourceTree = "<group>"; };
		B0305EB10787A1AFD17B0763 /* DraftStore.swift */ = {isa = PBXFileReference; lastKnownFileType = sourcecode.swift; path = DraftStore.swift; sourceTree = "<group>"; };
		B4BF31391B23EBC8C173DBB4 /* TranslatorTheme.swift */ = {isa = PBXFileReference; lastKnownFileType = sourcecode.swift; path = TranslatorTheme.swift; sourceTree = "<group>"; };
		B6FFEB6CEF1DC23D84E2D6E8 /* BackgroundMessageSynchronizer.swift */ = {isa = PBXFileReference; lastKnownFileType = sourcecode.swift; path = BackgroundMessageSynchronizer.swift; sourceTree = "<group>"; };
		C34B4E13CF3BFDA915E9AB75 /* WhatsAppTranslatorTests.xctest */ = {isa = PBXFileReference; includeInIndex = 0; lastKnownFileType = wrapper.cfbundle; path = WhatsAppTranslatorTests.xctest; sourceTree = BUILT_PRODUCTS_DIR; };
		CAEF803559BBA8F957FAD8DC /* ContactAvatar.swift */ = {isa = PBXFileReference; lastKnownFileType = sourcecode.swift; path = ContactAvatar.swift; sourceTree = "<group>"; };
		CEBEFEEB15458A49DD869D9C /* AppPreferencesStore.swift */ = {isa = PBXFileReference; lastKnownFileType = sourcecode.swift; path = AppPreferencesStore.swift; sourceTree = "<group>"; };
		D3229E151805995BAC765CA5 /* ConnectionSetupView.swift */ = {isa = PBXFileReference; lastKnownFileType = sourcecode.swift; path = ConnectionSetupView.swift; sourceTree = "<group>"; };
		D522664D667A13E0C57549F8 /* WhatsAppTranslator.app */ = {isa = PBXFileReference; includeInIndex = 0; lastKnownFileType = wrapper.application; path = WhatsAppTranslator.app; sourceTree = BUILT_PRODUCTS_DIR; };
		DA3585A0CD9B815DA310E607 /* WhatsAppTranslatorApp.swift */ = {isa = PBXFileReference; lastKnownFileType = sourcecode.swift; path = WhatsAppTranslatorApp.swift; sourceTree = "<group>"; };
		E5E191235093F4FC4348DD04 /* ServerConfiguration.swift */ = {isa = PBXFileReference; lastKnownFileType = sourcecode.swift; path = ServerConfiguration.swift; sourceTree = "<group>"; };
		ED7F14E9137C449ADE8AACC8 /* MessageBubble.swift */ = {isa = PBXFileReference; lastKnownFileType = sourcecode.swift; path = MessageBubble.swift; sourceTree = "<group>"; };
/* End PBXFileReference section */

/* Begin PBXGroup section */
		0FEC7D156184419BD3FD7742 /* Views */ = {
			isa = PBXGroup;
			children = (
				8774AAFAC446E0F2D0F05FB5 /* Chats */,
				D66D6BDF6C013702E16D1117 /* Conversation */,
				3B857493D4A84113A7E47B68 /* Onboarding */,
				EC66E4327D692E0DE49BC92C /* Settings */,
			);
			path = Views;
			sourceTree = "<group>";
		};
		142F625DF0148FD2863629DC /* Design */ = {
			isa = PBXGroup;
			children = (
				B4BF31391B23EBC8C173DBB4 /* TranslatorTheme.swift */,
			);
			path = Design;
			sourceTree = "<group>";
		};
		34752D4D8AD64795CA488C7A /* Models */ = {
			isa = PBXGroup;
			children = (
				36B87B06CB38D86E0649AA09 /* APIModels.swift */,
				E5E191235093F4FC4348DD04 /* ServerConfiguration.swift */,
			);
			path = Models;
			sourceTree = "<group>";
		};
		3B857493D4A84113A7E47B68 /* Onboarding */ = {
			isa = PBXGroup;
			children = (
				D3229E151805995BAC765CA5 /* ConnectionSetupView.swift */,
			);
			path = Onboarding;
			sourceTree = "<group>";
		};
		5ED0B644C6980B5F3CD84B89 /* WhatsAppTranslator */ = {
			isa = PBXGroup;
			children = (
				38664CBA8762F693B0DE2C00 /* Assets.xcassets */,
				3B6DC6814404AFF8D148A0D0 /* Info.plist */,
				0722A5293307242D843D4E79 /* WhatsAppTranslator.entitlements */,
				DA3585A0CD9B815DA310E607 /* WhatsAppTranslatorApp.swift */,
				D4F13284E1D16BF275717E08 /* App */,
				142F625DF0148FD2863629DC /* Design */,
				34752D4D8AD64795CA488C7A /* Models */,
				D0C2063A713CA22DBC1FF047 /* Services */,
				0FEC7D156184419BD3FD7742 /* Views */,
			);
			path = WhatsAppTranslator;
			sourceTree = "<group>";
		};
		8774AAFAC446E0F2D0F05FB5 /* Chats */ = {
			isa = PBXGroup;
			children = (
				4AEC105D96EBB09CD38C98D6 /* ChatListView.swift */,
				7E50ABB31D617C33E5D18AB3 /* ChatRow.swift */,
				CAEF803559BBA8F957FAD8DC /* ContactAvatar.swift */,
			);
			path = Chats;
			sourceTree = "<group>";
		};
		D0C2063A713CA22DBC1FF047 /* Services */ = {
			isa = PBXGroup;
			children = (
				9C87A75BF6020544068175DB /* APIClient.swift */,
				CEBEFEEB15458A49DD869D9C /* AppPreferencesStore.swift */,
				B6FFEB6CEF1DC23D84E2D6E8 /* BackgroundMessageSynchronizer.swift */,
				3962C05E7905F4A73E9D2CE6 /* ChatCacheStore.swift */,
				6010E7F3A59C4304404C23EE /* CredentialStore.swift */,
				B0305EB10787A1AFD17B0763 /* DraftStore.swift */,
			);
			path = Services;
			sourceTree = "<group>";
		};
		D1D792C9B141DB556EFA5986 = {
			isa = PBXGroup;
			children = (
				5ED0B644C6980B5F3CD84B89 /* WhatsAppTranslator */,
				D7BCE9F7970FF8479F671E88 /* WhatsAppTranslatorTests */,
				E68FC413703742A689D88AD8 /* Products */,
			);
			sourceTree = "<group>";
		};
		D4F13284E1D16BF275717E08 /* App */ = {
			isa = PBXGroup;
			children = (
				2C378B31FDDE9FBDF9DA8364 /* AppSession.swift */,
				519C8762FDD069963579930A /* PushNotificationCoordinator.swift */,
			);
			path = App;
			sourceTree = "<group>";
		};
		D66D6BDF6C013702E16D1117 /* Conversation */ = {
			isa = PBXGroup;
			children = (
				A64F362849BF63C72671AB9F /* ComposerView.swift */,
				485D8A29673EDFD9E9DC6B01 /* ConversationView.swift */,
				ED7F14E9137C449ADE8AACC8 /* MessageBubble.swift */,
				11C1D91E4A79E0B65279462F /* RichMessageContentView.swift */,
			);
			path = Conversation;
			sourceTree = "<group>";
		};
		D7BCE9F7970FF8479F671E88 /* WhatsAppTranslatorTests */ = {
			isa = PBXGroup;
			children = (
				34A53B26A81039B43C48A49B /* WhatsAppTranslatorTests.swift */,
			);
			path = WhatsAppTranslatorTests;
			sourceTree = "<group>";
		};
		E68FC413703742A689D88AD8 /* Products */ = {
			isa = PBXGroup;
			children = (
				D522664D667A13E0C57549F8 /* WhatsAppTranslator.app */,
				C34B4E13CF3BFDA915E9AB75 /* WhatsAppTranslatorTests.xctest */,
			);
			name = Products;
			sourceTree = "<group>";
		};
		EC66E4327D692E0DE49BC92C /* Settings */ = {
			isa = PBXGroup;
			children = (
				B02D9A460B6438D75BA42C97 /* AppSettingsView.swift */,
				6D76A610B739758653D9DE58 /* ConversationSettingsView.swift */,
				AA427F451FCCC2F453CC8AAC /* TimezonePickerView.swift */,
			);
			path = Settings;
			sourceTree = "<group>";
		};
/* End PBXGroup section */

/* Begin PBXNativeTarget section */
		8D381D652B7E90F95C8BC507 /* WhatsAppTranslator */ = {
			isa = PBXNativeTarget;
			buildConfigurationList = 814C5845388D86E4821E5501 /* Build configuration list for PBXNativeTarget "WhatsAppTranslator" */;
			buildPhases = (
				C888A88F7891287667968471 /* Sources */,
				6B6915A4D11B72ED55EA8935 /* Resources */,
			);
			buildRules = (
			);
			dependencies = (
			);
			name = WhatsAppTranslator;
			packageProductDependencies = (
			);
			productName = WhatsAppTranslator;
			productReference = D522664D667A13E0C57549F8 /* WhatsAppTranslator.app */;
			productType = "com.apple.product-type.application";
		};
		C72F36E44ECC3A3834305EC8 /* WhatsAppTranslatorTests */ = {
			isa = PBXNativeTarget;
			buildConfigurationList = 2164878531117440C50F6FE0 /* Build configuration list for PBXNativeTarget "WhatsAppTranslatorTests" */;
			buildPhases = (
				F368AA5CA677C5460F817764 /* Sources */,
			);
			buildRules = (
			);
			dependencies = (
				0E13AD480B258596BBABF2A0 /* PBXTargetDependency */,
			);
			name = WhatsAppTranslatorTests;
			packageProductDependencies = (
			);
			productName = WhatsAppTranslatorTests;
			productReference = C34B4E13CF3BFDA915E9AB75 /* WhatsAppTranslatorTests.xctest */;
			productType = "com.apple.product-type.bundle.unit-test";
		};
/* End PBXNativeTarget section */

/* Begin PBXProject section */
		5B8FAE79EDFC3627EE13D148 /* Project object */ = {
			isa = PBXProject;
			attributes = {
				BuildIndependentTargetsInParallel = YES;
				LastUpgradeCheck = 2600;
				TargetAttributes = {
					8D381D652B7E90F95C8BC507 = {
						DevelopmentTeam = SUR6QUSSV6;
						ProvisioningStyle = Automatic;
					};
					C72F36E44ECC3A3834305EC8 = {
						DevelopmentTeam = SUR6QUSSV6;
						ProvisioningStyle = Automatic;
					};
				};
			};
			buildConfigurationList = 21BC1E77C70DEAF714B18598 /* Build configuration list for PBXProject "WhatsAppTranslator" */;
			developmentRegion = en;
			hasScannedForEncodings = 0;
			knownRegions = (
				Base,
				en,
			);
			mainGroup = D1D792C9B141DB556EFA5986;
			minimizedProjectReferenceProxies = 1;
			preferredProjectObjectVersion = 77;
			productRefGroup = E68FC413703742A689D88AD8 /* Products */;
			projectDirPath = "";
			projectRoot = "";
			targets = (
				8D381D652B7E90F95C8BC507 /* WhatsAppTranslator */,
				C72F36E44ECC3A3834305EC8 /* WhatsAppTranslatorTests */,
			);
		};
/* End PBXProject section */

/* Begin PBXResourcesBuildPhase section */
		6B6915A4D11B72ED55EA8935 /* Resources */ = {
			isa = PBXResourcesBuildPhase;
			buildActionMask = 2147483647;
			files = (
				DE532ACEF0383C22096D0706 /* Assets.xcassets in Resources */,
			);
			runOnlyForDeploymentPostprocessing = 0;
		};
/* End PBXResourcesBuildPhase section */

/* Begin PBXSourcesBuildPhase section */
		C888A88F7891287667968471 /* Sources */ = {
			isa = PBXSourcesBuildPhase;
			buildActionMask = 2147483647;
			files = (
				0895BC27BCE593660C12C549 /* APIClient.swift in Sources */,
				735F161402677A60DE279113 /* APIModels.swift in Sources */,
				20EEEB892ABBB2D449414230 /* AppPreferencesStore.swift in Sources */,
				C54AF7DDBDFBF90FCF0671F6 /* AppSession.swift in Sources */,
				3680126AAB9A4B864417221B /* AppSettingsView.swift in Sources */,
				31D3E69573488B78D0CB06CD /* BackgroundMessageSynchronizer.swift in Sources */,
				963C9A055B94E3C97AC2D614 /* ChatCacheStore.swift in Sources */,
				AF82ECAAAB2C67500F855E2F /* ChatListView.swift in Sources */,
				3CCF6B3013E9F72DC0019A99 /* ChatRow.swift in Sources */,
				87D82D518AC005C9DFB4211D /* ComposerView.swift in Sources */,
				327E3FB231D4230F733DE296 /* ConnectionSetupView.swift in Sources */,
				86EFB7940AFD49BB7F76166A /* ContactAvatar.swift in Sources */,
				B9110CE3FFDCBCD2F04DCDC1 /* ConversationSettingsView.swift in Sources */,
				EA961E6FE2A5E1C0DAF697EB /* ConversationView.swift in Sources */,
				4959160847534F73298211E3 /* CredentialStore.swift in Sources */,
				28C3CA0F67263FDDB8B56BC6 /* DraftStore.swift in Sources */,
				7D30E1D7FEA454CD203E0D42 /* MessageBubble.swift in Sources */,
				FA6E1D00CCEB2274A72A4339 /* PushNotificationCoordinator.swift in Sources */,
				78E3B708559B4FCB3AB4D251 /* RichMessageContentView.swift in Sources */,
				7F84E3537A6CA594E2BC06B6 /* ServerConfiguration.swift in Sources */,
				B8263022328BDCE84AFB1502 /* TimezonePickerView.swift in Sources */,
				D5A470D75918E5401AB30CD9 /* TranslatorTheme.swift in Sources */,
				47E4E3D3A703CBEF36C23457 /* WhatsAppTranslatorApp.swift in Sources */,
			);
			runOnlyForDeploymentPostprocessing = 0;
		};
		F368AA5CA677C5460F817764 /* Sources */ = {
			isa = PBXSourcesBuildPhase;
			buildActionMask = 2147483647;
			files = (
				F764123946C2D2A9E69E132B /* WhatsAppTranslatorTests.swift in Sources */,
			);
			runOnlyForDeploymentPostprocessing = 0;
		};
/* End PBXSourcesBuildPhase section */

/* Begin PBXTargetDependency section */
		0E13AD480B258596BBABF2A0 /* PBXTargetDependency */ = {
			isa = PBXTargetDependency;
			target = 8D381D652B7E90F95C8BC507 /* WhatsAppTranslator */;
			targetProxy = 80B918B235B9F557DA8C0DBF /* PBXContainerItemProxy */;
		};
/* End PBXTargetDependency section */

/* Begin XCBuildConfiguration section */
		24F1D11EA02E3090C6191718 /* Release */ = {
			isa = XCBuildConfiguration;
			buildSettings = {
				BUNDLE_LOADER = "$(TEST_HOST)";
				GENERATE_INFOPLIST_FILE = YES;
				LD_RUNPATH_SEARCH_PATHS = (
					"$(inherited)",
					"@executable_path/Frameworks",
					"@loader_path/Frameworks",
				);
				PRODUCT_BUNDLE_IDENTIFIER = com.vultuk.whatsapptranslator.tests;
				SDKROOT = iphoneos;
				TARGETED_DEVICE_FAMILY = "1,2";
				TEST_HOST = "$(BUILT_PRODUCTS_DIR)/WhatsAppTranslator.app/WhatsAppTranslator";
			};
			name = Release;
		};
		293ADEC44CF9AFFA38859F30 /* Release */ = {
			isa = XCBuildConfiguration;
			buildSettings = {
				ALWAYS_SEARCH_USER_PATHS = NO;
				CLANG_ANALYZER_NONNULL = YES;
				CLANG_ANALYZER_NUMBER_OBJECT_CONVERSION = YES_AGGRESSIVE;
				CLANG_CXX_LANGUAGE_STANDARD = "gnu++14";
				CLANG_CXX_LIBRARY = "libc++";
				CLANG_ENABLE_MODULES = YES;
				CLANG_ENABLE_OBJC_ARC = YES;
				CLANG_ENABLE_OBJC_WEAK = YES;
				CLANG_WARN_BLOCK_CAPTURE_AUTORELEASING = YES;
				CLANG_WARN_BOOL_CONVERSION = YES;
				CLANG_WARN_COMMA = YES;
				CLANG_WARN_CONSTANT_CONVERSION = YES;
				CLANG_WARN_DEPRECATED_OBJC_IMPLEMENTATIONS = YES;
				CLANG_WARN_DIRECT_OBJC_ISA_USAGE = YES_ERROR;
				CLANG_WARN_DOCUMENTATION_COMMENTS = YES;
				CLANG_WARN_EMPTY_BODY = YES;
				CLANG_WARN_ENUM_CONVERSION = YES;
				CLANG_WARN_INFINITE_RECURSION = YES;
				CLANG_WARN_INT_CONVERSION = YES;
				CLANG_WARN_NON_LITERAL_NULL_CONVERSION = YES;
				CLANG_WARN_OBJC_IMPLICIT_RETAIN_SELF = YES;
				CLANG_WARN_OBJC_LITERAL_CONVERSION = YES;
				CLANG_WARN_OBJC_ROOT_CLASS = YES_ERROR;
				CLANG_WARN_QUOTED_INCLUDE_IN_FRAMEWORK_HEADER = YES;
				CLANG_WARN_RANGE_LOOP_ANALYSIS = YES;
				CLANG_WARN_STRICT_PROTOTYPES = YES;
				CLANG_WARN_SUSPICIOUS_MOVE = YES;
				CLANG_WARN_UNGUARDED_AVAILABILITY = YES_AGGRESSIVE;
				CLANG_WARN_UNREACHABLE_CODE = YES;
				CLANG_WARN__DUPLICATE_METHOD_MATCH = YES;
				CODE_SIGN_STYLE = Automatic;
				COPY_PHASE_STRIP = NO;
				CURRENT_PROJECT_VERSION = 4;
				DEBUG_INFORMATION_FORMAT = "dwarf-with-dsym";
				DEVELOPMENT_TEAM = SUR6QUSSV6;
				ENABLE_NS_ASSERTIONS = NO;
				ENABLE_STRICT_OBJC_MSGSEND = YES;
				GCC_C_LANGUAGE_STANDARD = gnu11;
				GCC_NO_COMMON_BLOCKS = YES;
				GCC_WARN_64_TO_32_BIT_CONVERSION = YES;
				GCC_WARN_ABOUT_RETURN_TYPE = YES_ERROR;
				GCC_WARN_UNDECLARED_SELECTOR = YES;
				GCC_WARN_UNINITIALIZED_AUTOS = YES_AGGRESSIVE;
				GCC_WARN_UNUSED_FUNCTION = YES;
				GCC_WARN_UNUSED_VARIABLE = YES;
				IPHONEOS_DEPLOYMENT_TARGET = 18.0;
				MARKETING_VERSION = 1.0.0;
				MTL_ENABLE_DEBUG_INFO = NO;
				MTL_FAST_MATH = YES;
				PRODUCT_NAME = "$(TARGET_NAME)";
				SDKROOT = iphoneos;
				SWIFT_COMPILATION_MODE = wholemodule;
				SWIFT_OPTIMIZATION_LEVEL = "-O";
				SWIFT_VERSION = 6.0;
			};
			name = Release;
		};
		7B4DAA9BC0937A0553228397 /* Debug */ = {
			isa = XCBuildConfiguration;
			buildSettings = {
				BUNDLE_LOADER = "$(TEST_HOST)";
				GENERATE_INFOPLIST_FILE = YES;
				LD_RUNPATH_SEARCH_PATHS = (
					"$(inherited)",
					"@executable_path/Frameworks",
					"@loader_path/Frameworks",
				);
				PRODUCT_BUNDLE_IDENTIFIER = com.vultuk.whatsapptranslator.tests;
				SDKROOT = iphoneos;
				TARGETED_DEVICE_FAMILY = "1,2";
				TEST_HOST = "$(BUILT_PRODUCTS_DIR)/WhatsAppTranslator.app/WhatsAppTranslator";
			};
			name = Debug;
		};
		8325D0596ADE46225189812C /* Debug */ = {
			isa = XCBuildConfiguration;
			buildSettings = {
				ALWAYS_SEARCH_USER_PATHS = NO;
				CLANG_ANALYZER_NONNULL = YES;
				CLANG_ANALYZER_NUMBER_OBJECT_CONVERSION = YES_AGGRESSIVE;
				CLANG_CXX_LANGUAGE_STANDARD = "gnu++14";
				CLANG_CXX_LIBRARY = "libc++";
				CLANG_ENABLE_MODULES = YES;
				CLANG_ENABLE_OBJC_ARC = YES;
				CLANG_ENABLE_OBJC_WEAK = YES;
				CLANG_WARN_BLOCK_CAPTURE_AUTORELEASING = YES;
				CLANG_WARN_BOOL_CONVERSION = YES;
				CLANG_WARN_COMMA = YES;
				CLANG_WARN_CONSTANT_CONVERSION = YES;
				CLANG_WARN_DEPRECATED_OBJC_IMPLEMENTATIONS = YES;
				CLANG_WARN_DIRECT_OBJC_ISA_USAGE = YES_ERROR;
				CLANG_WARN_DOCUMENTATION_COMMENTS = YES;
				CLANG_WARN_EMPTY_BODY = YES;
				CLANG_WARN_ENUM_CONVERSION = YES;
				CLANG_WARN_INFINITE_RECURSION = YES;
				CLANG_WARN_INT_CONVERSION = YES;
				CLANG_WARN_NON_LITERAL_NULL_CONVERSION = YES;
				CLANG_WARN_OBJC_IMPLICIT_RETAIN_SELF = YES;
				CLANG_WARN_OBJC_LITERAL_CONVERSION = YES;
				CLANG_WARN_OBJC_ROOT_CLASS = YES_ERROR;
				CLANG_WARN_QUOTED_INCLUDE_IN_FRAMEWORK_HEADER = YES;
				CLANG_WARN_RANGE_LOOP_ANALYSIS = YES;
				CLANG_WARN_STRICT_PROTOTYPES = YES;
				CLANG_WARN_SUSPICIOUS_MOVE = YES;
				CLANG_WARN_UNGUARDED_AVAILABILITY = YES_AGGRESSIVE;
				CLANG_WARN_UNREACHABLE_CODE = YES;
				CLANG_WARN__DUPLICATE_METHOD_MATCH = YES;
				CODE_SIGN_STYLE = Automatic;
				COPY_PHASE_STRIP = NO;
				CURRENT_PROJECT_VERSION = 4;
				DEBUG_INFORMATION_FORMAT = dwarf;
				DEVELOPMENT_TEAM = SUR6QUSSV6;
				ENABLE_STRICT_OBJC_MSGSEND = YES;
				ENABLE_TESTABILITY = YES;
				GCC_C_LANGUAGE_STANDARD = gnu11;
				GCC_DYNAMIC_NO_PIC = NO;
				GCC_NO_COMMON_BLOCKS = YES;
				GCC_OPTIMIZATION_LEVEL = 0;
				GCC_PREPROCESSOR_DEFINITIONS = (
					"$(inherited)",
					"DEBUG=1",
				);
				GCC_WARN_64_TO_32_BIT_CONVERSION = YES;
				GCC_WARN_ABOUT_RETURN_TYPE = YES_ERROR;
				GCC_WARN_UNDECLARED_SELECTOR = YES;
				GCC_WARN_UNINITIALIZED_AUTOS = YES_AGGRESSIVE;
				GCC_WARN_UNUSED_FUNCTION = YES;
				GCC_WARN_UNUSED_VARIABLE = YES;
				IPHONEOS_DEPLOYMENT_TARGET = 18.0;
				MARKETING_VERSION = 1.0.0;
				MTL_ENABLE_DEBUG_INFO = INCLUDE_SOURCE;
				MTL_FAST_MATH = YES;
				ONLY_ACTIVE_ARCH = YES;
				PRODUCT_NAME = "$(TARGET_NAME)";
				SDKROOT = iphoneos;
				SWIFT_ACTIVE_COMPILATION_CONDITIONS = DEBUG;
				SWIFT_OPTIMIZATION_LEVEL = "-Onone";
				SWIFT_VERSION = 6.0;
			};
			name = Debug;
		};
		A2E289696FC0EE4073AA0AF4 /* Release */ = {
			isa = XCBuildConfiguration;
			buildSettings = {
				APS_ENVIRONMENT = production;
				ASSETCATALOG_COMPILER_APPICON_NAME = AppIcon;
				ASSETCATALOG_COMPILER_GLOBAL_ACCENT_COLOR_NAME = AccentColor;
				CODE_SIGN_ENTITLEMENTS = WhatsAppTranslator/WhatsAppTranslator.entitlements;
				CODE_SIGN_IDENTITY = "iPhone Developer";
				INFOPLIST_FILE = WhatsAppTranslator/Info.plist;
				LD_RUNPATH_SEARCH_PATHS = (
					"$(inherited)",
					"@executable_path/Frameworks",
				);
				PRODUCT_BUNDLE_IDENTIFIER = com.vultuk.whatsapptranslator;
				PRODUCT_NAME = WhatsAppTranslator;
				SDKROOT = iphoneos;
				SUPPORTS_MACCATALYST = NO;
				TARGETED_DEVICE_FAMILY = "1,2";
			};
			name = Release;
		};
		E5B0A6D9B2EB48A2FAD3EB29 /* Debug */ = {
			isa = XCBuildConfiguration;
			buildSettings = {
				APS_ENVIRONMENT = development;
				ASSETCATALOG_COMPILER_APPICON_NAME = AppIcon;
				ASSETCATALOG_COMPILER_GLOBAL_ACCENT_COLOR_NAME = AccentColor;
				CODE_SIGN_ENTITLEMENTS = WhatsAppTranslator/WhatsAppTranslator.entitlements;
				CODE_SIGN_IDENTITY = "iPhone Developer";
				INFOPLIST_FILE = WhatsAppTranslator/Info.plist;
				LD_RUNPATH_SEARCH_PATHS = (
					"$(inherited)",
					"@executable_path/Frameworks",
				);
				PRODUCT_BUNDLE_IDENTIFIER = com.vultuk.whatsapptranslator;
				PRODUCT_NAME = WhatsAppTranslator;
				SDKROOT = iphoneos;
				SUPPORTS_MACCATALYST = NO;
				TARGETED_DEVICE_FAMILY = "1,2";
			};
			name = Debug;
		};
/* End XCBuildConfiguration section */

/* Begin XCConfigurationList section */
		2164878531117440C50F6FE0 /* Build configuration list for PBXNativeTarget "WhatsAppTranslatorTests" */ = {
			isa = XCConfigurationList;
			buildConfigurations = (
				7B4DAA9BC0937A0553228397 /* Debug */,
				24F1D11EA02E3090C6191718 /* Release */,
			);
			defaultConfigurationIsVisible = 0;
			defaultConfigurationName = Debug;
		};
		21BC1E77C70DEAF714B18598 /* Build configuration list for PBXProject "WhatsAppTranslator" */ = {
			isa = XCConfigurationList;
			buildConfigurations = (
				8325D0596ADE46225189812C /* Debug */,
				293ADEC44CF9AFFA38859F30 /* Release */,
			);
			defaultConfigurationIsVisible = 0;
			defaultConfigurationName = Debug;
		};
		814C5845388D86E4821E5501 /* Build configuration list for PBXNativeTarget "WhatsAppTranslator" */ = {
			isa = XCConfigurationList;
			buildConfigurations = (
				E5B0A6D9B2EB48A2FAD3EB29 /* Debug */,
				A2E289696FC0EE4073AA0AF4 /* Release */,
			);
			defaultConfigurationIsVisible = 0;
			defaultConfigurationName = Debug;
		};
/* End XCConfigurationList section */
	};
	rootObject = 5B8FAE79EDFC3627EE13D148 /* Project object */;
}
