// !$*UTF8*$!
{
	archiveVersion = 1;
	classes = {
	};
	objectVersion = 77;
	objects = {

/* Begin PBXBuildFile section */
		004886FBA006C0F19D72FFAB /* NotificationPersonIdentity.swift in Sources */ = {isa = PBXBuildFile; fileRef = FB8E2F4B70ED44CF81F07EC8 /* NotificationPersonIdentity.swift */; };
		0637885AA7D925754EAE887B /* MacPushNotificationCoordinator.swift in Sources */ = {isa = PBXBuildFile; fileRef = DE317AB7309F0B77BD8B858A /* MacPushNotificationCoordinator.swift */; };
		088A4B67DC7DF9EC64E2B40B /* APIClient.swift in Sources */ = {isa = PBXBuildFile; fileRef = 9C87A75BF6020544068175DB /* APIClient.swift */; };
		0895BC27BCE593660C12C549 /* APIClient.swift in Sources */ = {isa = PBXBuildFile; fileRef = 9C87A75BF6020544068175DB /* APIClient.swift */; };
		0CAC0EC5B9CBE295135A7DCD /* AppPreferencesStore.swift in Sources */ = {isa = PBXBuildFile; fileRef = CEBEFEEB15458A49DD869D9C /* AppPreferencesStore.swift */; };
		0CB6BF4C942EA61DA8491BA2 /* PhotoViewer.swift in Sources */ = {isa = PBXBuildFile; fileRef = 90DD58B06531C55B4C5D5299 /* PhotoViewer.swift */; };
		0D6892E46742D1416C476117 /* IntentHandler.swift in Sources */ = {isa = PBXBuildFile; fileRef = 9ABCA3D87C4A7D188D37B476 /* IntentHandler.swift */; };
		13BC4A875F4704E35C735FB2 /* MacConversationHeader.swift in Sources */ = {isa = PBXBuildFile; fileRef = A087BB866B922E2AD7803431 /* MacConversationHeader.swift */; };
		18A02899E3E32C43FC548C4A /* ChatCacheStore.swift in Sources */ = {isa = PBXBuildFile; fileRef = 3962C05E7905F4A73E9D2CE6 /* ChatCacheStore.swift */; };
		1B669DCEE6EADCA60FFC9681 /* DraftStore.swift in Sources */ = {isa = PBXBuildFile; fileRef = B0305EB10787A1AFD17B0763 /* DraftStore.swift */; };
		1ECCB799BC4FB731B4395A0B /* APIModels.swift in Sources */ = {isa = PBXBuildFile; fileRef = 36B87B06CB38D86E0649AA09 /* APIModels.swift */; };
		1F4CB50FA861E7E5197C27B6 /* RichMessageContentView.swift in Sources */ = {isa = PBXBuildFile; fileRef = 11C1D91E4A79E0B65279462F /* RichMessageContentView.swift */; };
		2094FED85A7568EF3F07ED4B /* BackgroundMessageSynchronizer.swift in Sources */ = {isa = PBXBuildFile; fileRef = B6FFEB6CEF1DC23D84E2D6E8 /* BackgroundMessageSynchronizer.swift */; };
		209F96668DB6BBFFEEED8822 /* ConversationSettingsView.swift in Sources */ = {isa = PBXBuildFile; fileRef = 6D76A610B739758653D9DE58 /* ConversationSettingsView.swift */; };
		20EEEB892ABBB2D449414230 /* AppPreferencesStore.swift in Sources */ = {isa = PBXBuildFile; fileRef = CEBEFEEB15458A49DD869D9C /* AppPreferencesStore.swift */; };
		21BC5B73FB87CE8E09C8B551 /* MacSettingsView.swift in Sources */ = {isa = PBXBuildFile; fileRef = FA3308D79A3B4D94B8BD2E46 /* MacSettingsView.swift */; };
		24321362342847513C38E92E /* CredentialStore.swift in Sources */ = {isa = PBXBuildFile; fileRef = 6010E7F3A59C4304404C23EE /* CredentialStore.swift */; };
		28194366BC7B62BBEAE2DF82 /* MacConversationHeader.swift in Sources */ = {isa = PBXBuildFile; fileRef = A087BB866B922E2AD7803431 /* MacConversationHeader.swift */; };
		28B2BC337201005F6D324D7D /* APIModels.swift in Sources */ = {isa = PBXBuildFile; fileRef = 36B87B06CB38D86E0649AA09 /* APIModels.swift */; };
		28C3CA0F67263FDDB8B56BC6 /* DraftStore.swift in Sources */ = {isa = PBXBuildFile; fileRef = B0305EB10787A1AFD17B0763 /* DraftStore.swift */; };
		31D3E69573488B78D0CB06CD /* BackgroundMessageSynchronizer.swift in Sources */ = {isa = PBXBuildFile; fileRef = B6FFEB6CEF1DC23D84E2D6E8 /* BackgroundMessageSynchronizer.swift */; };
		327E3FB231D4230F733DE296 /* ConnectionSetupView.swift in Sources */ = {isa = PBXBuildFile; fileRef = D3229E151805995BAC765CA5 /* ConnectionSetupView.swift */; };
		32B8912CBCBC6413F2869DA2 /* PlatformCompatibility.swift in Sources */ = {isa = PBXBuildFile; fileRef = 1823AD293019E4DD52AF4ECA /* PlatformCompatibility.swift */; };
		3680126AAB9A4B864417221B /* AppSettingsView.swift in Sources */ = {isa = PBXBuildFile; fileRef = B02D9A460B6438D75BA42C97 /* AppSettingsView.swift */; };
		38B05F163DCBB049B5A04754 /* ServerConfiguration.swift in Sources */ = {isa = PBXBuildFile; fileRef = E5E191235093F4FC4348DD04 /* ServerConfiguration.swift */; };
		38BAB93EFE7CE18D1BAADA6C /* ConnectionSetupView.swift in Sources */ = {isa = PBXBuildFile; fileRef = D3229E151805995BAC765CA5 /* ConnectionSetupView.swift */; };
		3CCF6B3013E9F72DC0019A99 /* ChatRow.swift in Sources */ = {isa = PBXBuildFile; fileRef = 7E50ABB31D617C33E5D18AB3 /* ChatRow.swift */; };
		3D9CF110C0682067828A34E9 /* NotificationPersonIdentity.swift in Sources */ = {isa = PBXBuildFile; fileRef = FB8E2F4B70ED44CF81F07EC8 /* NotificationPersonIdentity.swift */; };
		47E4E3D3A703CBEF36C23457 /* WhatsAppTranslatorApp.swift in Sources */ = {isa = PBXBuildFile; fileRef = DA3585A0CD9B815DA310E607 /* WhatsAppTranslatorApp.swift */; };
		4959160847534F73298211E3 /* CredentialStore.swift in Sources */ = {isa = PBXBuildFile; fileRef = 6010E7F3A59C4304404C23EE /* CredentialStore.swift */; };
		5277F679F5387039D6EC96AB /* WhatsAppTranslatorIntents.appex in Embed Foundation Extensions */ = {isa = PBXBuildFile; fileRef = E0E1B6DD2CC4727A47717ED2 /* WhatsAppTranslatorIntents.appex */; settings = {ATTRIBUTES = (RemoveHeadersOnCopy, ); }; };
		537C5A094A8DFC2A8810F643 /* MediaCacheStore.swift in Sources */ = {isa = PBXBuildFile; fileRef = A3E7A004408CAA0517971D44 /* MediaCacheStore.swift */; };
		59B1A3EECD3C41CDA0F0F33A /* MacMessagingIntentDonor.swift in Sources */ = {isa = PBXBuildFile; fileRef = 57C3781009630003B44F9943 /* MacMessagingIntentDonor.swift */; };
		6308C6CE2247B7D3D589F736 /* TranslatorTheme.swift in Sources */ = {isa = PBXBuildFile; fileRef = B4BF31391B23EBC8C173DBB4 /* TranslatorTheme.swift */; };
		701D9A26FC7E85454D4D969B /* ComposerView.swift in Sources */ = {isa = PBXBuildFile; fileRef = A64F362849BF63C72671AB9F /* ComposerView.swift */; };
		727B648D23B372F2BC7EF643 /* BabelBridgeMacApp.swift in Sources */ = {isa = PBXBuildFile; fileRef = B31612468FBA7EA59CCE0B85 /* BabelBridgeMacApp.swift */; };
		735F161402677A60DE279113 /* APIModels.swift in Sources */ = {isa = PBXBuildFile; fileRef = 36B87B06CB38D86E0649AA09 /* APIModels.swift */; };
		74D7D4CA0BA443F0617E8F0B /* WhatsAppTranslatorNotificationService.appex in Embed Foundation Extensions */ = {isa = PBXBuildFile; fileRef = FD30FD5EDF3A40DD9E412307 /* WhatsAppTranslatorNotificationService.appex */; settings = {ATTRIBUTES = (RemoveHeadersOnCopy, ); }; };
		755C72C3E9BBF440B62C6A75 /* PhotoViewer.swift in Sources */ = {isa = PBXBuildFile; fileRef = 90DD58B06531C55B4C5D5299 /* PhotoViewer.swift */; };
		77C9276EB8BED0A406A42312 /* APIClient.swift in Sources */ = {isa = PBXBuildFile; fileRef = 9C87A75BF6020544068175DB /* APIClient.swift */; };
		78E3B708559B4FCB3AB4D251 /* RichMessageContentView.swift in Sources */ = {isa = PBXBuildFile; fileRef = 11C1D91E4A79E0B65279462F /* RichMessageContentView.swift */; };
		7AA20F86178CDCDC2D3FA007 /* RootView.swift in Sources */ = {isa = PBXBuildFile; fileRef = 72CC6194ACA0A742FF886222 /* RootView.swift */; };
		7D30E1D7FEA454CD203E0D42 /* MessageBubble.swift in Sources */ = {isa = PBXBuildFile; fileRef = ED7F14E9137C449ADE8AACC8 /* MessageBubble.swift */; };
		7F84E3537A6CA594E2BC06B6 /* ServerConfiguration.swift in Sources */ = {isa = PBXBuildFile; fileRef = E5E191235093F4FC4348DD04 /* ServerConfiguration.swift */; };
		86EFB7940AFD49BB7F76166A /* ContactAvatar.swift in Sources */ = {isa = PBXBuildFile; fileRef = CAEF803559BBA8F957FAD8DC /* ContactAvatar.swift */; };
		87D82D518AC005C9DFB4211D /* ComposerView.swift in Sources */ = {isa = PBXBuildFile; fileRef = A64F362849BF63C72671AB9F /* ComposerView.swift */; };
		8958F74821C064DA950159A9 /* MediaCacheStore.swift in Sources */ = {isa = PBXBuildFile; fileRef = A3E7A004408CAA0517971D44 /* MediaCacheStore.swift */; };
		8D4ACC6C7272848D4332AA85 /* ChatRow.swift in Sources */ = {isa = PBXBuildFile; fileRef = 7E50ABB31D617C33E5D18AB3 /* ChatRow.swift */; };
		9504965AB9E80CBC7E48DBF7 /* AppSettingsView.swift in Sources */ = {isa = PBXBuildFile; fileRef = B02D9A460B6438D75BA42C97 /* AppSettingsView.swift */; };
		963C9A055B94E3C97AC2D614 /* ChatCacheStore.swift in Sources */ = {isa = PBXBuildFile; fileRef = 3962C05E7905F4A73E9D2CE6 /* ChatCacheStore.swift */; };
		9EAAA157655EE3324293FD46 /* NotificationService.swift in Sources */ = {isa = PBXBuildFile; fileRef = BAD2CD0E43F260CE9AB24195 /* NotificationService.swift */; };
		A053D945152B54A7E03D2AAE /* MessageBubble.swift in Sources */ = {isa = PBXBuildFile; fileRef = ED7F14E9137C449ADE8AACC8 /* MessageBubble.swift */; };
		A89CDABB164B03A0F0BFA418 /* ServerConfiguration.swift in Sources */ = {isa = PBXBuildFile; fileRef = E5E191235093F4FC4348DD04 /* ServerConfiguration.swift */; };
		AF82ECAAAB2C67500F855E2F /* ChatListView.swift in Sources */ = {isa = PBXBuildFile; fileRef = 4AEC105D96EBB09CD38C98D6 /* ChatListView.swift */; };
		B8263022328BDCE84AFB1502 /* TimezonePickerView.swift in Sources */ = {isa = PBXBuildFile; fileRef = AA427F451FCCC2F453CC8AAC /* TimezonePickerView.swift */; };
		B9110CE3FFDCBCD2F04DCDC1 /* ConversationSettingsView.swift in Sources */ = {isa = PBXBuildFile; fileRef = 6D76A610B739758653D9DE58 /* ConversationSettingsView.swift */; };
		BA09BFB816208579A36ECF18 /* BabelBridgeMacTests.swift in Sources */ = {isa = PBXBuildFile; fileRef = E8641F0C0A7B92FE42645A04 /* BabelBridgeMacTests.swift */; };
		BF62D1C1CB1B93866BFE77CB /* AppSession.swift in Sources */ = {isa = PBXBuildFile; fileRef = 2C378B31FDDE9FBDF9DA8364 /* AppSession.swift */; };
		C54AF7DDBDFBF90FCF0671F6 /* AppSession.swift in Sources */ = {isa = PBXBuildFile; fileRef = 2C378B31FDDE9FBDF9DA8364 /* AppSession.swift */; };
		C95EFE6BFB1C6B739D4284A1 /* ConversationView.swift in Sources */ = {isa = PBXBuildFile; fileRef = 485D8A29673EDFD9E9DC6B01 /* ConversationView.swift */; };
		D5A470D75918E5401AB30CD9 /* TranslatorTheme.swift in Sources */ = {isa = PBXBuildFile; fileRef = B4BF31391B23EBC8C173DBB4 /* TranslatorTheme.swift */; };
		D960F4F1714B6508A081A5B5 /* CredentialStore.swift in Sources */ = {isa = PBXBuildFile; fileRef = 6010E7F3A59C4304404C23EE /* CredentialStore.swift */; };
		DD42C6E7433B8669604B8506 /* RootView.swift in Sources */ = {isa = PBXBuildFile; fileRef = 72CC6194ACA0A742FF886222 /* RootView.swift */; };
		DDA6514D0C610C364F26A2B1 /* AppIntentVocabulary.plist in Resources */ = {isa = PBXBuildFile; fileRef = 7826C2FBB6D8E247CC6D9AC9 /* AppIntentVocabulary.plist */; };
		DE532ACEF0383C22096D0706 /* Assets.xcassets in Resources */ = {isa = PBXBuildFile; fileRef = 38664CBA8762F693B0DE2C00 /* Assets.xcassets */; };
		DE94537DEDEBA5E986E96C3D /* ChatListView.swift in Sources */ = {isa = PBXBuildFile; fileRef = 4AEC105D96EBB09CD38C98D6 /* ChatListView.swift */; };
		E0730DE955BFBF9B93F71A80 /* Assets.xcassets in Resources */ = {isa = PBXBuildFile; fileRef = 38664CBA8762F693B0DE2C00 /* Assets.xcassets */; };
		E0D20BCFCD13538B82CF3CD6 /* TimezonePickerView.swift in Sources */ = {isa = PBXBuildFile; fileRef = AA427F451FCCC2F453CC8AAC /* TimezonePickerView.swift */; };
		EA961E6FE2A5E1C0DAF697EB /* ConversationView.swift in Sources */ = {isa = PBXBuildFile; fileRef = 485D8A29673EDFD9E9DC6B01 /* ConversationView.swift */; };
		F6DCC3BA070D46AD7E60642E /* PlatformCompatibility.swift in Sources */ = {isa = PBXBuildFile; fileRef = 1823AD293019E4DD52AF4ECA /* PlatformCompatibility.swift */; };
		F7596CDE24554F37EF0D0992 /* MessagingIntentDonor.swift in Sources */ = {isa = PBXBuildFile; fileRef = 41382754D75D6E305C36D37D /* MessagingIntentDonor.swift */; };
		F764123946C2D2A9E69E132B /* WhatsAppTranslatorTests.swift in Sources */ = {isa = PBXBuildFile; fileRef = 34A53B26A81039B43C48A49B /* WhatsAppTranslatorTests.swift */; };
		FA6E1D00CCEB2274A72A4339 /* PushNotificationCoordinator.swift in Sources */ = {isa = PBXBuildFile; fileRef = 519C8762FDD069963579930A /* PushNotificationCoordinator.swift */; };
		FEECFE2ED18DF3C28D296139 /* ContactAvatar.swift in Sources */ = {isa = PBXBuildFile; fileRef = CAEF803559BBA8F957FAD8DC /* ContactAvatar.swift */; };
/* End PBXBuildFile section */

/* Begin PBXContainerItemProxy section */
		1F1B7AE310F32D9A9DBF2529 /* PBXContainerItemProxy */ = {
			isa = PBXContainerItemProxy;
			containerPortal = 5B8FAE79EDFC3627EE13D148 /* Project object */;
			proxyType = 1;
			remoteGlobalIDString = 763AB2377701E2E6CB09ED71;
			remoteInfo = BabelBridgeMac;
		};
		21EBAF6DC792F298943BDBFA /* PBXContainerItemProxy */ = {
			isa = PBXContainerItemProxy;
			containerPortal = 5B8FAE79EDFC3627EE13D148 /* Project object */;
			proxyType = 1;
			remoteGlobalIDString = AA5DE25913AAA6FF36166FB5;
			remoteInfo = WhatsAppTranslatorIntents;
		};
		80B918B235B9F557DA8C0DBF /* PBXContainerItemProxy */ = {
			isa = PBXContainerItemProxy;
			containerPortal = 5B8FAE79EDFC3627EE13D148 /* Project object */;
			proxyType = 1;
			remoteGlobalIDString = 8D381D652B7E90F95C8BC507;
			remoteInfo = WhatsAppTranslator;
		};
		873DCAA24D39BB229FB36DBC /* PBXContainerItemProxy */ = {
			isa = PBXContainerItemProxy;
			containerPortal = 5B8FAE79EDFC3627EE13D148 /* Project object */;
			proxyType = 1;
			remoteGlobalIDString = 1686F1E29930E619812751CD;
			remoteInfo = WhatsAppTranslatorNotificationService;
		};
/* End PBXContainerItemProxy section */

/* Begin PBXCopyFilesBuildPhase section */
		2D98C3C12194DD8A8EBDC12E /* Embed Foundation Extensions */ = {
			isa = PBXCopyFilesBuildPhase;
			buildActionMask = 2147483647;
			dstPath = "";
			dstSubfolderSpec = 13;
			files = (
				74D7D4CA0BA443F0617E8F0B /* WhatsAppTranslatorNotificationService.appex in Embed Foundation Extensions */,
				5277F679F5387039D6EC96AB /* WhatsAppTranslatorIntents.appex in Embed Foundation Extensions */,
			);
			name = "Embed Foundation Extensions";
			runOnlyForDeploymentPostprocessing = 0;
		};
/* End PBXCopyFilesBuildPhase section */

/* Begin PBXFileReference section */
		0722A5293307242D843D4E79 /* WhatsAppTranslator.entitlements */ = {isa = PBXFileReference; lastKnownFileType = text.plist.entitlements; path = WhatsAppTranslator.entitlements; sourceTree = "<group>"; };
		11C1D91E4A79E0B65279462F /* RichMessageContentView.swift */ = {isa = PBXFileReference; lastKnownFileType = sourcecode.swift; path = RichMessageContentView.swift; sourceTree = "<group>"; };
		1823AD293019E4DD52AF4ECA /* PlatformCompatibility.swift */ = {isa = PBXFileReference; lastKnownFileType = sourcecode.swift; path = PlatformCompatibility.swift; sourceTree = "<group>"; };
		2C378B31FDDE9FBDF9DA8364 /* AppSession.swift */ = {isa = PBXFileReference; lastKnownFileType = sourcecode.swift; path = AppSession.swift; sourceTree = "<group>"; };
		34A53B26A81039B43C48A49B /* WhatsAppTranslatorTests.swift */ = {isa = PBXFileReference; lastKnownFileType = sourcecode.swift; path = WhatsAppTranslatorTests.swift; sourceTree = "<group>"; };
		357033B14EF0C8FBCD75EFEE /* Info.plist */ = {isa = PBXFileReference; lastKnownFileType = text.plist; path = Info.plist; sourceTree = "<group>"; };
		36B87B06CB38D86E0649AA09 /* APIModels.swift */ = {isa = PBXFileReference; lastKnownFileType = sourcecode.swift; path = APIModels.swift; sourceTree = "<group>"; };
		38664CBA8762F693B0DE2C00 /* Assets.xcassets */ = {isa = PBXFileReference; lastKnownFileType = folder.assetcatalog; path = Assets.xcassets; sourceTree = "<group>"; };
		3962C05E7905F4A73E9D2CE6 /* ChatCacheStore.swift */ = {isa = PBXFileReference; lastKnownFileType = sourcecode.swift; path = ChatCacheStore.swift; sourceTree = "<group>"; };
		3B6DC6814404AFF8D148A0D0 /* Info.plist */ = {isa = PBXFileReference; lastKnownFileType = text.plist; path = Info.plist; sourceTree = "<group>"; };
		41382754D75D6E305C36D37D /* MessagingIntentDonor.swift */ = {isa = PBXFileReference; lastKnownFileType = sourcecode.swift; path = MessagingIntentDonor.swift; sourceTree = "<group>"; };
		485D8A29673EDFD9E9DC6B01 /* ConversationView.swift */ = {isa = PBXFileReference; lastKnownFileType = sourcecode.swift; path = ConversationView.swift; sourceTree = "<group>"; };
		4A64147ABCF4C2EAAE6C35E2 /* Info.plist */ = {isa = PBXFileReference; lastKnownFileType = text.plist; path = Info.plist; sourceTree = "<group>"; };
		4ADA4A4AC7AE08C33BCFD42E /* WhatsAppTranslatorIntents.entitlements */ = {isa = PBXFileReference; lastKnownFileType = text.plist.entitlements; path = WhatsAppTranslatorIntents.entitlements; sourceTree = "<group>"; };
		4AEC105D96EBB09CD38C98D6 /* ChatListView.swift */ = {isa = PBXFileReference; lastKnownFileType = sourcecode.swift; path = ChatListView.swift; sourceTree = "<group>"; };
		519C8762FDD069963579930A /* PushNotificationCoordinator.swift */ = {isa = PBXFileReference; lastKnownFileType = sourcecode.swift; path = PushNotificationCoordinator.swift; sourceTree = "<group>"; };
		57C3781009630003B44F9943 /* MacMessagingIntentDonor.swift */ = {isa = PBXFileReference; lastKnownFileType = sourcecode.swift; path = MacMessagingIntentDonor.swift; sourceTree = "<group>"; };
		6010E7F3A59C4304404C23EE /* CredentialStore.swift */ = {isa = PBXFileReference; lastKnownFileType = sourcecode.swift; path = CredentialStore.swift; sourceTree = "<group>"; };
		6D76A610B739758653D9DE58 /* ConversationSettingsView.swift */ = {isa = PBXFileReference; lastKnownFileType = sourcecode.swift; path = ConversationSettingsView.swift; sourceTree = "<group>"; };
		72CC6194ACA0A742FF886222 /* RootView.swift */ = {isa = PBXFileReference; lastKnownFileType = sourcecode.swift; path = RootView.swift; sourceTree = "<group>"; };
		7AFD701213B538B835780375 /* BabelBridgeMac.app */ = {isa = PBXFileReference; explicitFileType = wrapper.application; includeInIndex = 0; path = BabelBridgeMac.app; sourceTree = BUILT_PRODUCTS_DIR; };
		7CA83F4E6F46DFED5F8A8152 /* BabelBridgeMacTests.xctest */ = {isa = PBXFileReference; explicitFileType = wrapper.cfbundle; includeInIndex = 0; path = BabelBridgeMacTests.xctest; sourceTree = BUILT_PRODUCTS_DIR; };
		7E50ABB31D617C33E5D18AB3 /* ChatRow.swift */ = {isa = PBXFileReference; lastKnownFileType = sourcecode.swift; path = ChatRow.swift; sourceTree = "<group>"; };
		901D4F327F868AD55515BD83 /* en */ = {isa = PBXFileReference; lastKnownFileType = text.plist; name = en; path = en.lproj/AppIntentVocabulary.plist; sourceTree = "<group>"; };
		90DD58B06531C55B4C5D5299 /* PhotoViewer.swift */ = {isa = PBXFileReference; lastKnownFileType = sourcecode.swift; path = PhotoViewer.swift; sourceTree = "<group>"; };
		9876CD3D330EDB50574EBCF2 /* Info.plist */ = {isa = PBXFileReference; lastKnownFileType = text.plist; path = Info.plist; sourceTree = "<group>"; };
		9ABCA3D87C4A7D188D37B476 /* IntentHandler.swift */ = {isa = PBXFileReference; lastKnownFileType = sourcecode.swift; path = IntentHandler.swift; sourceTree = "<group>"; };
		9C87A75BF6020544068175DB /* APIClient.swift */ = {isa = PBXFileReference; lastKnownFileType = sourcecode.swift; path = APIClient.swift; sourceTree = "<group>"; };
		A087BB866B922E2AD7803431 /* MacConversationHeader.swift */ = {isa = PBXFileReference; lastKnownFileType = sourcecode.swift; path = MacConversationHeader.swift; sourceTree = "<group>"; };
		A3E7A004408CAA0517971D44 /* MediaCacheStore.swift */ = {isa = PBXFileReference; lastKnownFileType = sourcecode.swift; path = MediaCacheStore.swift; sourceTree = "<group>"; };
		A64F362849BF63C72671AB9F /* ComposerView.swift */ = {isa = PBXFileReference; lastKnownFileType = sourcecode.swift; path = ComposerView.swift; sourceTree = "<group>"; };
		AA427F451FCCC2F453CC8AAC /* TimezonePickerView.swift */ = {isa = PBXFileReference; lastKnownFileType = sourcecode.swift; path = TimezonePickerView.swift; sourceTree = "<group>"; };
		B02D9A460B6438D75BA42C97 /* AppSettingsView.swift */ = {isa = PBXFileReference; lastKnownFileType = sourcecode.swift; path = AppSettingsView.swift; sourceTree = "<group>"; };
		B0305EB10787A1AFD17B0763 /* DraftStore.swift */ = {isa = PBXFileReference; lastKnownFileType = sourcecode.swift; path = DraftStore.swift; sourceTree = "<group>"; };
		B31612468FBA7EA59CCE0B85 /* BabelBridgeMacApp.swift */ = {isa = PBXFileReference; lastKnownFileType = sourcecode.swift; path = BabelBridgeMacApp.swift; sourceTree = "<group>"; };
		B4BF31391B23EBC8C173DBB4 /* TranslatorTheme.swift */ = {isa = PBXFileReference; lastKnownFileType = sourcecode.swift; path = TranslatorTheme.swift; sourceTree = "<group>"; };
		B6FFEB6CEF1DC23D84E2D6E8 /* BackgroundMessageSynchronizer.swift */ = {isa = PBXFileReference; lastKnownFileType = sourcecode.swift; path = BackgroundMessageSynchronizer.swift; sourceTree = "<group>"; };
		BAD2CD0E43F260CE9AB24195 /* NotificationService.swift */ = {isa = PBXFileReference; lastKnownFileType = sourcecode.swift; path = NotificationService.swift; sourceTree = "<group>"; };
		C34B4E13CF3BFDA915E9AB75 /* WhatsAppTranslatorTests.xctest */ = {isa = PBXFileReference; includeInIndex = 0; lastKnownFileType = wrapper.cfbundle; path = WhatsAppTranslatorTests.xctest; sourceTree = BUILT_PRODUCTS_DIR; };
		CAEF803559BBA8F957FAD8DC /* ContactAvatar.swift */ = {isa = PBXFileReference; lastKnownFileType = sourcecode.swift; path = ContactAvatar.swift; sourceTree = "<group>"; };
		CEBEFEEB15458A49DD869D9C /* AppPreferencesStore.swift */ = {isa = PBXFileReference; lastKnownFileType = sourcecode.swift; path = AppPreferencesStore.swift; sourceTree = "<group>"; };
		D3229E151805995BAC765CA5 /* ConnectionSetupView.swift */ = {isa = PBXFileReference; lastKnownFileType = sourcecode.swift; path = ConnectionSetupView.swift; sourceTree = "<group>"; };
		D522664D667A13E0C57549F8 /* WhatsAppTranslator.app */ = {isa = PBXFileReference; includeInIndex = 0; lastKnownFileType = wrapper.application; path = WhatsAppTranslator.app; sourceTree = BUILT_PRODUCTS_DIR; };
		DA3585A0CD9B815DA310E607 /* WhatsAppTranslatorApp.swift */ = {isa = PBXFileReference; lastKnownFileType = sourcecode.swift; path = WhatsAppTranslatorApp.swift; sourceTree = "<group>"; };
		DE317AB7309F0B77BD8B858A /* MacPushNotificationCoordinator.swift */ = {isa = PBXFileReference; lastKnownFileType = sourcecode.swift; path = MacPushNotificationCoordinator.swift; sourceTree = "<group>"; };
		E0E1B6DD2CC4727A47717ED2 /* WhatsAppTranslatorIntents.appex */ = {isa = PBXFileReference; includeInIndex = 0; lastKnownFileType = "wrapper.app-extension"; path = WhatsAppTranslatorIntents.appex; sourceTree = BUILT_PRODUCTS_DIR; };
		E1FD70FD76BCCAE61D918FB5 /* BabelBridgeMac.entitlements */ = {isa = PBXFileReference; lastKnownFileType = text.plist.entitlements; path = BabelBridgeMac.entitlements; sourceTree = "<group>"; };
		E5E191235093F4FC4348DD04 /* ServerConfiguration.swift */ = {isa = PBXFileReference; lastKnownFileType = sourcecode.swift; path = ServerConfiguration.swift; sourceTree = "<group>"; };
		E8641F0C0A7B92FE42645A04 /* BabelBridgeMacTests.swift */ = {isa = PBXFileReference; lastKnownFileType = sourcecode.swift; path = BabelBridgeMacTests.swift; sourceTree = "<group>"; };
		ED7F14E9137C449ADE8AACC8 /* MessageBubble.swift */ = {isa = PBXFileReference; lastKnownFileType = sourcecode.swift; path = MessageBubble.swift; sourceTree = "<group>"; };
		FA3308D79A3B4D94B8BD2E46 /* MacSettingsView.swift */ = {isa = PBXFileReference; lastKnownFileType = sourcecode.swift; path = MacSettingsView.swift; sourceTree = "<group>"; };
		FB8E2F4B70ED44CF81F07EC8 /* NotificationPersonIdentity.swift */ = {isa = PBXFileReference; lastKnownFileType = sourcecode.swift; path = NotificationPersonIdentity.swift; sourceTree = "<group>"; };
		FD30FD5EDF3A40DD9E412307 /* WhatsAppTranslatorNotificationService.appex */ = {isa = PBXFileReference; includeInIndex = 0; lastKnownFileType = "wrapper.app-extension"; path = WhatsAppTranslatorNotificationService.appex; sourceTree = BUILT_PRODUCTS_DIR; };
/* End PBXFileReference section */

/* Begin PBXGroup section */
		0BE9110C2F3E1B267B583EF3 /* BabelBridgeMacTests */ = {
			isa = PBXGroup;
			children = (
				E8641F0C0A7B92FE42645A04 /* BabelBridgeMacTests.swift */,
			);
			path = BabelBridgeMacTests;
			sourceTree = "<group>";
		};
		0FEC7D156184419BD3FD7742 /* Views */ = {
			isa = PBXGroup;
			children = (
				72CC6194ACA0A742FF886222 /* RootView.swift */,
				8774AAFAC446E0F2D0F05FB5 /* Chats */,
				D66D6BDF6C013702E16D1117 /* Conversation */,
				3B857493D4A84113A7E47B68 /* Onboarding */,
				EC66E4327D692E0DE49BC92C /* Settings */,
			);
			path = Views;
			sourceTree = "<group>";
		};
		142F625DF0148FD2863629DC /* Design */ = {
			isa = PBXGroup;
			children = (
				1823AD293019E4DD52AF4ECA /* PlatformCompatibility.swift */,
				B4BF31391B23EBC8C173DBB4 /* TranslatorTheme.swift */,
			);
			path = Design;
			sourceTree = "<group>";
		};
		34752D4D8AD64795CA488C7A /* Models */ = {
			isa = PBXGroup;
			children = (
				36B87B06CB38D86E0649AA09 /* APIModels.swift */,
				E5E191235093F4FC4348DD04 /* ServerConfiguration.swift */,
			);
			path = Models;
			sourceTree = "<group>";
		};
		3B857493D4A84113A7E47B68 /* Onboarding */ = {
			isa = PBXGroup;
			children = (
				D3229E151805995BAC765CA5 /* ConnectionSetupView.swift */,
			);
			path = Onboarding;
			sourceTree = "<group>";
		};
		4C6053CE6CFDFDAB754190BC /* WhatsAppTranslatorIntents */ = {
			isa = PBXGroup;
			children = (
				9876CD3D330EDB50574EBCF2 /* Info.plist */,
				9ABCA3D87C4A7D188D37B476 /* IntentHandler.swift */,
				4ADA4A4AC7AE08C33BCFD42E /* WhatsAppTranslatorIntents.entitlements */,
			);
			path = WhatsAppTranslatorIntents;
			sourceTree = "<group>";
		};
		5A653A7D2C841EF327C87764 /* BabelBridgeMac */ = {
			isa = PBXGroup;
			children = (
				E1FD70FD76BCCAE61D918FB5 /* BabelBridgeMac.entitlements */,
				B31612468FBA7EA59CCE0B85 /* BabelBridgeMacApp.swift */,
				4A64147ABCF4C2EAAE6C35E2 /* Info.plist */,
				57C3781009630003B44F9943 /* MacMessagingIntentDonor.swift */,
				DE317AB7309F0B77BD8B858A /* MacPushNotificationCoordinator.swift */,
				FA3308D79A3B4D94B8BD2E46 /* MacSettingsView.swift */,
			);
			path = BabelBridgeMac;
			sourceTree = "<group>";
		};
		5ED0B644C6980B5F3CD84B89 /* WhatsAppTranslator */ = {
			isa = PBXGroup;
			children = (
				38664CBA8762F693B0DE2C00 /* Assets.xcassets */,
				3B6DC6814404AFF8D148A0D0 /* Info.plist */,
				0722A5293307242D843D4E79 /* WhatsAppTranslator.entitlements */,
				DA3585A0CD9B815DA310E607 /* WhatsAppTranslatorApp.swift */,
				D4F13284E1D16BF275717E08 /* App */,
				7826C2FBB6D8E247CC6D9AC9 /* AppIntentVocabulary.plist */,
				142F625DF0148FD2863629DC /* Design */,
				34752D4D8AD64795CA488C7A /* Models */,
				D0C2063A713CA22DBC1FF047 /* Services */,
				0FEC7D156184419BD3FD7742 /* Views */,
			);
			path = WhatsAppTranslator;
			sourceTree = "<group>";
		};
		79EDE821BD354313D43E4C34 /* Shared */ = {
			isa = PBXGroup;
			children = (
				FB8E2F4B70ED44CF81F07EC8 /* NotificationPersonIdentity.swift */,
			);
			path = Shared;
			sourceTree = "<group>";
		};
		8774AAFAC446E0F2D0F05FB5 /* Chats */ = {
			isa = PBXGroup;
			children = (
				4AEC105D96EBB09CD38C98D6 /* ChatListView.swift */,
				7E50ABB31D617C33E5D18AB3 /* ChatRow.swift */,
				CAEF803559BBA8F957FAD8DC /* ContactAvatar.swift */,
			);
			path = Chats;
			sourceTree = "<group>";
		};
		D0C2063A713CA22DBC1FF047 /* Services */ = {
			isa = PBXGroup;
			children = (
				9C87A75BF6020544068175DB /* APIClient.swift */,
				CEBEFEEB15458A49DD869D9C /* AppPreferencesStore.swift */,
				B6FFEB6CEF1DC23D84E2D6E8 /* BackgroundMessageSynchronizer.swift */,
				3962C05E7905F4A73E9D2CE6 /* ChatCacheStore.swift */,
				6010E7F3A59C4304404C23EE /* CredentialStore.swift */,
				B0305EB10787A1AFD17B0763 /* DraftStore.swift */,
				A3E7A004408CAA0517971D44 /* MediaCacheStore.swift */,
			);
			path = Services;
			sourceTree = "<group>";
		};
		D1D792C9B141DB556EFA5986 = {
			isa = PBXGroup;
			children = (
				5A653A7D2C841EF327C87764 /* BabelBridgeMac */,
				0BE9110C2F3E1B267B583EF3 /* BabelBridgeMacTests */,
				79EDE821BD354313D43E4C34 /* Shared */,
				5ED0B644C6980B5F3CD84B89 /* WhatsAppTranslator */,
				4C6053CE6CFDFDAB754190BC /* WhatsAppTranslatorIntents */,
				D81D096B9F0A6F9A76FBA135 /* WhatsAppTranslatorNotificationService */,
				D7BCE9F7970FF8479F671E88 /* WhatsAppTranslatorTests */,
				E68FC413703742A689D88AD8 /* Products */,
			);
			sourceTree = "<group>";
		};
		D4F13284E1D16BF275717E08 /* App */ = {
			isa = PBXGroup;
			children = (
				2C378B31FDDE9FBDF9DA8364 /* AppSession.swift */,
				41382754D75D6E305C36D37D /* MessagingIntentDonor.swift */,
				519C8762FDD069963579930A /* PushNotificationCoordinator.swift */,
			);
			path = App;
			sourceTree = "<group>";
		};
		D66D6BDF6C013702E16D1117 /* Conversation */ = {
			isa = PBXGroup;
			children = (
				A64F362849BF63C72671AB9F /* ComposerView.swift */,
				485D8A29673EDFD9E9DC6B01 /* ConversationView.swift */,
				A087BB866B922E2AD7803431 /* MacConversationHeader.swift */,
				ED7F14E9137C449ADE8AACC8 /* MessageBubble.swift */,
				90DD58B06531C55B4C5D5299 /* PhotoViewer.swift */,
				11C1D91E4A79E0B65279462F /* RichMessageContentView.swift */,
			);
			path = Conversation;
			sourceTree = "<group>";
		};
		D7BCE9F7970FF8479F671E88 /* WhatsAppTranslatorTests */ = {
			isa = PBXGroup;
			children = (
				34A53B26A81039B43C48A49B /* WhatsAppTranslatorTests.swift */,
			);
			path = WhatsAppTranslatorTests;
			sourceTree = "<group>";
		};
		D81D096B9F0A6F9A76FBA135 /* WhatsAppTranslatorNotificationService */ = {
			isa = PBXGroup;
			children = (
				357033B14EF0C8FBCD75EFEE /* Info.plist */,
				BAD2CD0E43F260CE9AB24195 /* NotificationService.swift */,
			);
			path = WhatsAppTranslatorNotificationService;
			sourceTree = "<group>";
		};
		E68FC413703742A689D88AD8 /* Products */ = {
			isa = PBXGroup;
			children = (
				7AFD701213B538B835780375 /* BabelBridgeMac.app */,
				7CA83F4E6F46DFED5F8A8152 /* BabelBridgeMacTests.xctest */,
				D522664D667A13E0C57549F8 /* WhatsAppTranslator.app */,
				E0E1B6DD2CC4727A47717ED2 /* WhatsAppTranslatorIntents.appex */,
				FD30FD5EDF3A40DD9E412307 /* WhatsAppTranslatorNotificationService.appex */,
				C34B4E13CF3BFDA915E9AB75 /* WhatsAppTranslatorTests.xctest */,
			);
			name = Products;
			sourceTree = "<group>";
		};
		EC66E4327D692E0DE49BC92C /* Settings */ = {
			isa = PBXGroup;
			children = (
				B02D9A460B6438D75BA42C97 /* AppSettingsView.swift */,
				6D76A610B739758653D9DE58 /* ConversationSettingsView.swift */,
				AA427F451FCCC2F453CC8AAC /* TimezonePickerView.swift */,
			);
			path = Settings;
			sourceTree = "<group>";
		};
/* End PBXGroup section */

/* Begin PBXNativeTarget section */
		0BACAA47A21C0709F7F9C971 /* BabelBridgeMacTests */ = {
			isa = PBXNativeTarget;
			buildConfigurationList = C047F1E29FA10E5C9E1C3D1F /* Build configuration list for PBXNativeTarget "BabelBridgeMacTests" */;
			buildPhases = (
				9A73CD029F74DB677208CD4A /* Sources */,
			);
			buildRules = (
			);
			dependencies = (
				E19CEF6FD68617C96D271F37 /* PBXTargetDependency */,
			);
			name = BabelBridgeMacTests;
			packageProductDependencies = (
			);
			productName = BabelBridgeMacTests;
			productReference = 7CA83F4E6F46DFED5F8A8152 /* BabelBridgeMacTests.xctest */;
			productType = "com.apple.product-type.bundle.unit-test";
		};
		1686F1E29930E619812751CD /* WhatsAppTranslatorNotificationService */ = {
			isa = PBXNativeTarget;
			buildConfigurationList = EC19B216470048C2E6A07595 /* Build configuration list for PBXNativeTarget "WhatsAppTranslatorNotificationService" */;
			buildPhases = (
				597C24E547457342AD924068 /* Sources */,
			);
			buildRules = (
			);
			dependencies = (
			);
			name = WhatsAppTranslatorNotificationService;
			packageProductDependencies = (
			);
			productName = WhatsAppTranslatorNotificationService;
			productReference = FD30FD5EDF3A40DD9E412307 /* WhatsAppTranslatorNotificationService.appex */;
			productType = "com.apple.product-type.app-extension";
		};
		763AB2377701E2E6CB09ED71 /* BabelBridgeMac */ = {
			isa = PBXNativeTarget;
			buildConfigurationList = 244C35451FBDA57393448F5D /* Build configuration list for PBXNativeTarget "BabelBridgeMac" */;
			buildPhases = (
				EE25D2885C378D4199ECB863 /* Sources */,
				D56DE209D898B0A1C5236BF8 /* Resources */,
			);
			buildRules = (
			);
			dependencies = (
			);
			name = BabelBridgeMac;
			packageProductDependencies = (
			);
			productName = BabelBridgeMac;
			productReference = 7AFD701213B538B835780375 /* BabelBridgeMac.app */;
			productType = "com.apple.product-type.application";
		};
		8D381D652B7E90F95C8BC507 /* WhatsAppTranslator */ = {
			isa = PBXNativeTarget;
			buildConfigurationList = 814C5845388D86E4821E5501 /* Build configuration list for PBXNativeTarget "WhatsAppTranslator" */;
			buildPhases = (
				C888A88F7891287667968471 /* Sources */,
				6B6915A4D11B72ED55EA8935 /* Resources */,
				2D98C3C12194DD8A8EBDC12E /* Embed Foundation Extensions */,
			);
			buildRules = (
			);
			dependencies = (
				17FB62D06F0A33DDD90B036E /* PBXTargetDependency */,
				A177E8B4D6834144990E3E97 /* PBXTargetDependency */,
			);
			name = WhatsAppTranslator;
			packageProductDependencies = (
			);
			productName = WhatsAppTranslator;
			productReference = D522664D667A13E0C57549F8 /* WhatsAppTranslator.app */;
			productType = "com.apple.product-type.application";
		};
		AA5DE25913AAA6FF36166FB5 /* WhatsAppTranslatorIntents */ = {
			isa = PBXNativeTarget;
			buildConfigurationList = CE47F91873B635D5E53EC99F /* Build configuration list for PBXNativeTarget "WhatsAppTranslatorIntents" */;
			buildPhases = (
				724EB1CF997F33A016BC6D4D /* Sources */,
			);
			buildRules = (
			);
			dependencies = (
			);
			name = WhatsAppTranslatorIntents;
			packageProductDependencies = (
			);
			productName = WhatsAppTranslatorIntents;
			productReference = E0E1B6DD2CC4727A47717ED2 /* WhatsAppTranslatorIntents.appex */;
			productType = "com.apple.product-type.app-extension";
		};
		C72F36E44ECC3A3834305EC8 /* WhatsAppTranslatorTests */ = {
			isa = PBXNativeTarget;
			buildConfigurationList = 2164878531117440C50F6FE0 /* Build configuration list for PBXNativeTarget "WhatsAppTranslatorTests" */;
			buildPhases = (
				F368AA5CA677C5460F817764 /* Sources */,
			);
			buildRules = (
			);
			dependencies = (
				0E13AD480B258596BBABF2A0 /* PBXTargetDependency */,
			);
			name = WhatsAppTranslatorTests;
			packageProductDependencies = (
			);
			productName = WhatsAppTranslatorTests;
			productReference = C34B4E13CF3BFDA915E9AB75 /* WhatsAppTranslatorTests.xctest */;
			productType = "com.apple.product-type.bundle.unit-test";
		};
/* End PBXNativeTarget section */

/* Begin PBXProject section */
		5B8FAE79EDFC3627EE13D148 /* Project object */ = {
			isa = PBXProject;
			attributes = {
				BuildIndependentTargetsInParallel = YES;
				LastUpgradeCheck = 2600;
				TargetAttributes = {
					0BACAA47A21C0709F7F9C971 = {
						DevelopmentTeam = SUR6QUSSV6;
						ProvisioningStyle = Automatic;
					};
					1686F1E29930E619812751CD = {
						DevelopmentTeam = SUR6QUSSV6;
						ProvisioningStyle = Automatic;
					};
					763AB2377701E2E6CB09ED71 = {
						DevelopmentTeam = SUR6QUSSV6;
						ProvisioningStyle = Automatic;
					};
					8D381D652B7E90F95C8BC507 = {
						DevelopmentTeam = SUR6QUSSV6;
						ProvisioningStyle = Automatic;
					};
					AA5DE25913AAA6FF36166FB5 = {
						DevelopmentTeam = SUR6QUSSV6;
						ProvisioningStyle = Automatic;
					};
					C72F36E44ECC3A3834305EC8 = {
						DevelopmentTeam = SUR6QUSSV6;
						ProvisioningStyle = Automatic;
					};
				};
			};
			buildConfigurationList = 21BC1E77C70DEAF714B18598 /* Build configuration list for PBXProject "WhatsAppTranslator" */;
			developmentRegion = en;
			hasScannedForEncodings = 0;
			knownRegions = (
				Base,
				en,
			);
			mainGroup = D1D792C9B141DB556EFA5986;
			minimizedProjectReferenceProxies = 1;
			preferredProjectObjectVersion = 77;
			productRefGroup = E68FC413703742A689D88AD8 /* Products */;
			projectDirPath = "";
			projectRoot = "";
			targets = (
				763AB2377701E2E6CB09ED71 /* BabelBridgeMac */,
				0BACAA47A21C0709F7F9C971 /* BabelBridgeMacTests */,
				8D381D652B7E90F95C8BC507 /* WhatsAppTranslator */,
				AA5DE25913AAA6FF36166FB5 /* WhatsAppTranslatorIntents */,
				1686F1E29930E619812751CD /* WhatsAppTranslatorNotificationService */,
				C72F36E44ECC3A3834305EC8 /* WhatsAppTranslatorTests */,
			);
		};
/* End PBXProject section */

/* Begin PBXResourcesBuildPhase section */
		6B6915A4D11B72ED55EA8935 /* Resources */ = {
			isa = PBXResourcesBuildPhase;
			buildActionMask = 2147483647;
			files = (
				DDA6514D0C610C364F26A2B1 /* AppIntentVocabulary.plist in Resources */,
				DE532ACEF0383C22096D0706 /* Assets.xcassets in Resources */,
			);
			runOnlyForDeploymentPostprocessing = 0;
		};
		D56DE209D898B0A1C5236BF8 /* Resources */ = {
			isa = PBXResourcesBuildPhase;
			buildActionMask = 2147483647;
			files = (
				E0730DE955BFBF9B93F71A80 /* Assets.xcassets in Resources */,
			);
			runOnlyForDeploymentPostprocessing = 0;
		};
/* End PBXResourcesBuildPhase section */

/* Begin PBXSourcesBuildPhase section */
		597C24E547457342AD924068 /* Sources */ = {
			isa = PBXSourcesBuildPhase;
			buildActionMask = 2147483647;
			files = (
				004886FBA006C0F19D72FFAB /* NotificationPersonIdentity.swift in Sources */,
				9EAAA157655EE3324293FD46 /* NotificationService.swift in Sources */,
			);
			runOnlyForDeploymentPostprocessing = 0;
		};
		724EB1CF997F33A016BC6D4D /* Sources */ = {
			isa = PBXSourcesBuildPhase;
			buildActionMask = 2147483647;
			files = (
				77C9276EB8BED0A406A42312 /* APIClient.swift in Sources */,
				28B2BC337201005F6D324D7D /* APIModels.swift in Sources */,
				24321362342847513C38E92E /* CredentialStore.swift in Sources */,
				0D6892E46742D1416C476117 /* IntentHandler.swift in Sources */,
				A89CDABB164B03A0F0BFA418 /* ServerConfiguration.swift in Sources */,
			);
			runOnlyForDeploymentPostprocessing = 0;
		};
		9A73CD029F74DB677208CD4A /* Sources */ = {
			isa = PBXSourcesBuildPhase;
			buildActionMask = 2147483647;
			files = (
				BA09BFB816208579A36ECF18 /* BabelBridgeMacTests.swift in Sources */,
			);
			runOnlyForDeploymentPostprocessing = 0;
		};
		C888A88F7891287667968471 /* Sources */ = {
			isa = PBXSourcesBuildPhase;
			buildActionMask = 2147483647;
			files = (
				0895BC27BCE593660C12C549 /* APIClient.swift in Sources */,
				735F161402677A60DE279113 /* APIModels.swift in Sources */,
				20EEEB892ABBB2D449414230 /* AppPreferencesStore.swift in Sources */,
				C54AF7DDBDFBF90FCF0671F6 /* AppSession.swift in Sources */,
				3680126AAB9A4B864417221B /* AppSettingsView.swift in Sources */,
				31D3E69573488B78D0CB06CD /* BackgroundMessageSynchronizer.swift in Sources */,
				963C9A055B94E3C97AC2D614 /* ChatCacheStore.swift in Sources */,
				AF82ECAAAB2C67500F855E2F /* ChatListView.swift in Sources */,
				3CCF6B3013E9F72DC0019A99 /* ChatRow.swift in Sources */,
				87D82D518AC005C9DFB4211D /* ComposerView.swift in Sources */,
				327E3FB231D4230F733DE296 /* ConnectionSetupView.swift in Sources */,
				86EFB7940AFD49BB7F76166A /* ContactAvatar.swift in Sources */,
				B9110CE3FFDCBCD2F04DCDC1 /* ConversationSettingsView.swift in Sources */,
				EA961E6FE2A5E1C0DAF697EB /* ConversationView.swift in Sources */,
				4959160847534F73298211E3 /* CredentialStore.swift in Sources */,
				28C3CA0F67263FDDB8B56BC6 /* DraftStore.swift in Sources */,
				28194366BC7B62BBEAE2DF82 /* MacConversationHeader.swift in Sources */,
				537C5A094A8DFC2A8810F643 /* MediaCacheStore.swift in Sources */,
				7D30E1D7FEA454CD203E0D42 /* MessageBubble.swift in Sources */,
				F7596CDE24554F37EF0D0992 /* MessagingIntentDonor.swift in Sources */,
				3D9CF110C0682067828A34E9 /* NotificationPersonIdentity.swift in Sources */,
				0CB6BF4C942EA61DA8491BA2 /* PhotoViewer.swift in Sources */,
				F6DCC3BA070D46AD7E60642E /* PlatformCompatibility.swift in Sources */,
				FA6E1D00CCEB2274A72A4339 /* PushNotificationCoordinator.swift in Sources */,
				78E3B708559B4FCB3AB4D251 /* RichMessageContentView.swift in Sources */,
				DD42C6E7433B8669604B8506 /* RootView.swift in Sources */,
				7F84E3537A6CA594E2BC06B6 /* ServerConfiguration.swift in Sources */,
				B8263022328BDCE84AFB1502 /* TimezonePickerView.swift in Sources */,
				D5A470D75918E5401AB30CD9 /* TranslatorTheme.swift in Sources */,
				47E4E3D3A703CBEF36C23457 /* WhatsAppTranslatorApp.swift in Sources */,
			);
			runOnlyForDeploymentPostprocessing = 0;
		};
		EE25D2885C378D4199ECB863 /* Sources */ = {
			isa = PBXSourcesBuildPhase;
			buildActionMask = 2147483647;
			files = (
				088A4B67DC7DF9EC64E2B40B /* APIClient.swift in Sources */,
				1ECCB799BC4FB731B4395A0B /* APIModels.swift in Sources */,
				0CAC0EC5B9CBE295135A7DCD /* AppPreferencesStore.swift in Sources */,
				BF62D1C1CB1B93866BFE77CB /* AppSession.swift in Sources */,
				9504965AB9E80CBC7E48DBF7 /* AppSettingsView.swift in Sources */,
				727B648D23B372F2BC7EF643 /* BabelBridgeMacApp.swift in Sources */,
				2094FED85A7568EF3F07ED4B /* BackgroundMessageSynchronizer.swift in Sources */,
				18A02899E3E32C43FC548C4A /* ChatCacheStore.swift in Sources */,
				DE94537DEDEBA5E986E96C3D /* ChatListView.swift in Sources */,
				8D4ACC6C7272848D4332AA85 /* ChatRow.swift in Sources */,
				701D9A26FC7E85454D4D969B /* ComposerView.swift in Sources */,
				38BAB93EFE7CE18D1BAADA6C /* ConnectionSetupView.swift in Sources */,
				FEECFE2ED18DF3C28D296139 /* ContactAvatar.swift in Sources */,
				209F96668DB6BBFFEEED8822 /* ConversationSettingsView.swift in Sources */,
				C95EFE6BFB1C6B739D4284A1 /* ConversationView.swift in Sources */,
				D960F4F1714B6508A081A5B5 /* CredentialStore.swift in Sources */,
				1B669DCEE6EADCA60FFC9681 /* DraftStore.swift in Sources */,
				13BC4A875F4704E35C735FB2 /* MacConversationHeader.swift in Sources */,
				59B1A3EECD3C41CDA0F0F33A /* MacMessagingIntentDonor.swift in Sources */,
				0637885AA7D925754EAE887B /* MacPushNotificationCoordinator.swift in Sources */,
				21BC5B73FB87CE8E09C8B551 /* MacSettingsView.swift in Sources */,
				8958F74821C064DA950159A9 /* MediaCacheStore.swift in Sources */,
				A053D945152B54A7E03D2AAE /* MessageBubble.swift in Sources */,
				755C72C3E9BBF440B62C6A75 /* PhotoViewer.swift in Sources */,
				32B8912CBCBC6413F2869DA2 /* PlatformCompatibility.swift in Sources */,
				1F4CB50FA861E7E5197C27B6 /* RichMessageContentView.swift in Sources */,
				7AA20F86178CDCDC2D3FA007 /* RootView.swift in Sources */,
				38B05F163DCBB049B5A04754 /* ServerConfiguration.swift in Sources */,
				E0D20BCFCD13538B82CF3CD6 /* TimezonePickerView.swift in Sources */,
				6308C6CE2247B7D3D589F736 /* TranslatorTheme.swift in Sources */,
			);
			runOnlyForDeploymentPostprocessing = 0;
		};
		F368AA5CA677C5460F817764 /* Sources */ = {
			isa = PBXSourcesBuildPhase;
			buildActionMask = 2147483647;
			files = (
				F764123946C2D2A9E69E132B /* WhatsAppTranslatorTests.swift in Sources */,
			);
			runOnlyForDeploymentPostprocessing = 0;
		};
/* End PBXSourcesBuildPhase section */

/* Begin PBXTargetDependency section */
		0E13AD480B258596BBABF2A0 /* PBXTargetDependency */ = {
			isa = PBXTargetDependency;
			target = 8D381D652B7E90F95C8BC507 /* WhatsAppTranslator */;
			targetProxy = 80B918B235B9F557DA8C0DBF /* PBXContainerItemProxy */;
		};
		17FB62D06F0A33DDD90B036E /* PBXTargetDependency */ = {
			isa = PBXTargetDependency;
			target = 1686F1E29930E619812751CD /* WhatsAppTranslatorNotificationService */;
			targetProxy = 873DCAA24D39BB229FB36DBC /* PBXContainerItemProxy */;
		};
		A177E8B4D6834144990E3E97 /* PBXTargetDependency */ = {
			isa = PBXTargetDependency;
			target = AA5DE25913AAA6FF36166FB5 /* WhatsAppTranslatorIntents */;
			targetProxy = 21EBAF6DC792F298943BDBFA /* PBXContainerItemProxy */;
		};
		E19CEF6FD68617C96D271F37 /* PBXTargetDependency */ = {
			isa = PBXTargetDependency;
			target = 763AB2377701E2E6CB09ED71 /* BabelBridgeMac */;
			targetProxy = 1F1B7AE310F32D9A9DBF2529 /* PBXContainerItemProxy */;
		};
/* End PBXTargetDependency section */

/* Begin PBXVariantGroup section */
		7826C2FBB6D8E247CC6D9AC9 /* AppIntentVocabulary.plist */ = {
			isa = PBXVariantGroup;
			children = (
				901D4F327F868AD55515BD83 /* en */,
			);
			name = AppIntentVocabulary.plist;
			sourceTree = "<group>";
		};
/* End PBXVariantGroup section */

/* Begin XCBuildConfiguration section */
		12C8B117E11603BD3FCE1EA8 /* Debug */ = {
			isa = XCBuildConfiguration;
			buildSettings = {
				APS_ENVIRONMENT = development;
				ASSETCATALOG_COMPILER_APPICON_NAME = AppIcon;
				ASSETCATALOG_COMPILER_GLOBAL_ACCENT_COLOR_NAME = AccentColor;
				CODE_SIGN_ENTITLEMENTS = BabelBridgeMac/BabelBridgeMac.entitlements;
				COMBINE_HIDPI_IMAGES = YES;
				ENABLE_HARDENED_RUNTIME = YES;
				INFOPLIST_FILE = BabelBridgeMac/Info.plist;
				INFOPLIST_KEY_LSApplicationCategoryType = "public.app-category.social-networking";
				LD_RUNPATH_SEARCH_PATHS = (
					"$(inherited)",
					"@executable_path/../Frameworks",
				);
				MACOSX_DEPLOYMENT_TARGET = 15.0;
				PRODUCT_BUNDLE_IDENTIFIER = com.vultuk.whatsapptranslator;
				PRODUCT_MODULE_NAME = BabelBridgeMac;
				PRODUCT_NAME = "Babel Bridge";
				SDKROOT = macosx;
			};
			name = Debug;
		};
		19657C53C3038715A2767EEC /* Release */ = {
			isa = XCBuildConfiguration;
			buildSettings = {
				INFOPLIST_FILE = WhatsAppTranslatorNotificationService/Info.plist;
				LD_RUNPATH_SEARCH_PATHS = (
					"$(inherited)",
					"@executable_path/Frameworks",
					"@executable_path/../../Frameworks",
				);
				PRODUCT_BUNDLE_IDENTIFIER = "com.vultuk.whatsapptranslator.notification-service";
				PRODUCT_NAME = NotificationService;
				SDKROOT = iphoneos;
				SKIP_INSTALL = YES;
				TARGETED_DEVICE_FAMILY = "1,2";
			};
			name = Release;
		};
		24F1D11EA02E3090C6191718 /* Release */ = {
			isa = XCBuildConfiguration;
			buildSettings = {
				BUNDLE_LOADER = "$(TEST_HOST)";
				GENERATE_INFOPLIST_FILE = YES;
				LD_RUNPATH_SEARCH_PATHS = (
					"$(inherited)",
					"@executable_path/Frameworks",
					"@loader_path/Frameworks",
				);
				PRODUCT_BUNDLE_IDENTIFIER = com.vultuk.whatsapptranslator.tests;
				SDKROOT = iphoneos;
				TARGETED_DEVICE_FAMILY = "1,2";
				TEST_HOST = "$(BUILT_PRODUCTS_DIR)/WhatsAppTranslator.app/WhatsAppTranslator";
			};
			name = Release;
		};
		293ADEC44CF9AFFA38859F30 /* Release */ = {
			isa = XCBuildConfiguration;
			buildSettings = {
				ALWAYS_SEARCH_USER_PATHS = NO;
				CLANG_ANALYZER_NONNULL = YES;
				CLANG_ANALYZER_NUMBER_OBJECT_CONVERSION = YES_AGGRESSIVE;
				CLANG_CXX_LANGUAGE_STANDARD = "gnu++14";
				CLANG_CXX_LIBRARY = "libc++";
				CLANG_ENABLE_MODULES = YES;
				CLANG_ENABLE_OBJC_ARC = YES;
				CLANG_ENABLE_OBJC_WEAK = YES;
				CLANG_WARN_BLOCK_CAPTURE_AUTORELEASING = YES;
				CLANG_WARN_BOOL_CONVERSION = YES;
				CLANG_WARN_COMMA = YES;
				CLANG_WARN_CONSTANT_CONVERSION = YES;
				CLANG_WARN_DEPRECATED_OBJC_IMPLEMENTATIONS = YES;
				CLANG_WARN_DIRECT_OBJC_ISA_USAGE = YES_ERROR;
				CLANG_WARN_DOCUMENTATION_COMMENTS = YES;
				CLANG_WARN_EMPTY_BODY = YES;
				CLANG_WARN_ENUM_CONVERSION = YES;
				CLANG_WARN_INFINITE_RECURSION = YES;
				CLANG_WARN_INT_CONVERSION = YES;
				CLANG_WARN_NON_LITERAL_NULL_CONVERSION = YES;
				CLANG_WARN_OBJC_IMPLICIT_RETAIN_SELF = YES;
				CLANG_WARN_OBJC_LITERAL_CONVERSION = YES;
				CLANG_WARN_OBJC_ROOT_CLASS = YES_ERROR;
				CLANG_WARN_QUOTED_INCLUDE_IN_FRAMEWORK_HEADER = YES;
				CLANG_WARN_RANGE_LOOP_ANALYSIS = YES;
				CLANG_WARN_STRICT_PROTOTYPES = YES;
				CLANG_WARN_SUSPICIOUS_MOVE = YES;
				CLANG_WARN_UNGUARDED_AVAILABILITY = YES_AGGRESSIVE;
				CLANG_WARN_UNREACHABLE_CODE = YES;
				CLANG_WARN__DUPLICATE_METHOD_MATCH = YES;
				CODE_SIGN_STYLE = Automatic;
				COPY_PHASE_STRIP = NO;
				CURRENT_PROJECT_VERSION = 19;
				DEBUG_INFORMATION_FORMAT = "dwarf-with-dsym";
				DEVELOPMENT_TEAM = SUR6QUSSV6;
				ENABLE_NS_ASSERTIONS = NO;
				ENABLE_STRICT_OBJC_MSGSEND = YES;
				GCC_C_LANGUAGE_STANDARD = gnu11;
				GCC_NO_COMMON_BLOCKS = YES;
				GCC_WARN_64_TO_32_BIT_CONVERSION = YES;
				GCC_WARN_ABOUT_RETURN_TYPE = YES_ERROR;
				GCC_WARN_UNDECLARED_SELECTOR = YES;
				GCC_WARN_UNINITIALIZED_AUTOS = YES_AGGRESSIVE;
				GCC_WARN_UNUSED_FUNCTION = YES;
				GCC_WARN_UNUSED_VARIABLE = YES;
				IPHONEOS_DEPLOYMENT_TARGET = 18.0;
				MACOSX_DEPLOYMENT_TARGET = 15.0;
				MARKETING_VERSION = 1.0.0;
				MTL_ENABLE_DEBUG_INFO = NO;
				MTL_FAST_MATH = YES;
				PRODUCT_NAME = "$(TARGET_NAME)";
				SWIFT_COMPILATION_MODE = wholemodule;
				SWIFT_OPTIMIZATION_LEVEL = "-O";
				SWIFT_VERSION = 6.0;
			};
			name = Release;
		};
		31784ACEF0070F8F2E3A0789 /* Release */ = {
			isa = XCBuildConfiguration;
			buildSettings = {
				APS_ENVIRONMENT = production;
				ASSETCATALOG_COMPILER_APPICON_NAME = AppIcon;
				ASSETCATALOG_COMPILER_GLOBAL_ACCENT_COLOR_NAME = AccentColor;
				CODE_SIGN_ENTITLEMENTS = BabelBridgeMac/BabelBridgeMac.entitlements;
				COMBINE_HIDPI_IMAGES = YES;
				ENABLE_HARDENED_RUNTIME = YES;
				INFOPLIST_FILE = BabelBridgeMac/Info.plist;
				INFOPLIST_KEY_LSApplicationCategoryType = "public.app-category.social-networking";
				LD_RUNPATH_SEARCH_PATHS = (
					"$(inherited)",
					"@executable_path/../Frameworks",
				);
				MACOSX_DEPLOYMENT_TARGET = 15.0;
				PRODUCT_BUNDLE_IDENTIFIER = com.vultuk.whatsapptranslator;
				PRODUCT_MODULE_NAME = BabelBridgeMac;
				PRODUCT_NAME = "Babel Bridge";
				SDKROOT = macosx;
			};
			name = Release;
		};
		641352E5BB1E1E9474D36628 /* Debug */ = {
			isa = XCBuildConfiguration;
			buildSettings = {
				BUNDLE_LOADER = "$(TEST_HOST)";
				COMBINE_HIDPI_IMAGES = YES;
				GENERATE_INFOPLIST_FILE = YES;
				LD_RUNPATH_SEARCH_PATHS = (
					"$(inherited)",
					"@executable_path/../Frameworks",
					"@loader_path/../Frameworks",
				);
				MACOSX_DEPLOYMENT_TARGET = 15.0;
				PRODUCT_BUNDLE_IDENTIFIER = "com.vultuk.whatsapptranslator.macos-tests";
				SDKROOT = macosx;
				TEST_HOST = "$(BUILT_PRODUCTS_DIR)/Babel Bridge.app/Contents/MacOS/Babel Bridge";
			};
			name = Debug;
		};
		7B4DAA9BC0937A0553228397 /* Debug */ = {
			isa = XCBuildConfiguration;
			buildSettings = {
				BUNDLE_LOADER = "$(TEST_HOST)";
				GENERATE_INFOPLIST_FILE = YES;
				LD_RUNPATH_SEARCH_PATHS = (
					"$(inherited)",
					"@executable_path/Frameworks",
					"@loader_path/Frameworks",
				);
				PRODUCT_BUNDLE_IDENTIFIER = com.vultuk.whatsapptranslator.tests;
				SDKROOT = iphoneos;
				TARGETED_DEVICE_FAMILY = "1,2";
				TEST_HOST = "$(BUILT_PRODUCTS_DIR)/WhatsAppTranslator.app/WhatsAppTranslator";
			};
			name = Debug;
		};
		8325D0596ADE46225189812C /* Debug */ = {
			isa = XCBuildConfiguration;
			buildSettings = {
				ALWAYS_SEARCH_USER_PATHS = NO;
				CLANG_ANALYZER_NONNULL = YES;
				CLANG_ANALYZER_NUMBER_OBJECT_CONVERSION = YES_AGGRESSIVE;
				CLANG_CXX_LANGUAGE_STANDARD = "gnu++14";
				CLANG_CXX_LIBRARY = "libc++";
				CLANG_ENABLE_MODULES = YES;
				CLANG_ENABLE_OBJC_ARC = YES;
				CLANG_ENABLE_OBJC_WEAK = YES;
				CLANG_WARN_BLOCK_CAPTURE_AUTORELEASING = YES;
				CLANG_WARN_BOOL_CONVERSION = YES;
				CLANG_WARN_COMMA = YES;
				CLANG_WARN_CONSTANT_CONVERSION = YES;
				CLANG_WARN_DEPRECATED_OBJC_IMPLEMENTATIONS = YES;
				CLANG_WARN_DIRECT_OBJC_ISA_USAGE = YES_ERROR;
				CLANG_WARN_DOCUMENTATION_COMMENTS = YES;
				CLANG_WARN_EMPTY_BODY = YES;
				CLANG_WARN_ENUM_CONVERSION = YES;
				CLANG_WARN_INFINITE_RECURSION = YES;
				CLANG_WARN_INT_CONVERSION = YES;
				CLANG_WARN_NON_LITERAL_NULL_CONVERSION = YES;
				CLANG_WARN_OBJC_IMPLICIT_RETAIN_SELF = YES;
				CLANG_WARN_OBJC_LITERAL_CONVERSION = YES;
				CLANG_WARN_OBJC_ROOT_CLASS = YES_ERROR;
				CLANG_WARN_QUOTED_INCLUDE_IN_FRAMEWORK_HEADER = YES;
				CLANG_WARN_RANGE_LOOP_ANALYSIS = YES;
				CLANG_WARN_STRICT_PROTOTYPES = YES;
				CLANG_WARN_SUSPICIOUS_MOVE = YES;
				CLANG_WARN_UNGUARDED_AVAILABILITY = YES_AGGRESSIVE;
				CLANG_WARN_UNREACHABLE_CODE = YES;
				CLANG_WARN__DUPLICATE_METHOD_MATCH = YES;
				CODE_SIGN_STYLE = Automatic;
				COPY_PHASE_STRIP = NO;
				CURRENT_PROJECT_VERSION = 19;
				DEBUG_INFORMATION_FORMAT = dwarf;
				DEVELOPMENT_TEAM = SUR6QUSSV6;
				ENABLE_STRICT_OBJC_MSGSEND = YES;
				ENABLE_TESTABILITY = YES;
				GCC_C_LANGUAGE_STANDARD = gnu11;
				GCC_DYNAMIC_NO_PIC = NO;
				GCC_NO_COMMON_BLOCKS = YES;
				GCC_OPTIMIZATION_LEVEL = 0;
				GCC_PREPROCESSOR_DEFINITIONS = (
					"$(inherited)",
					"DEBUG=1",
				);
				GCC_WARN_64_TO_32_BIT_CONVERSION = YES;
				GCC_WARN_ABOUT_RETURN_TYPE = YES_ERROR;
				GCC_WARN_UNDECLARED_SELECTOR = YES;
				GCC_WARN_UNINITIALIZED_AUTOS = YES_AGGRESSIVE;
				GCC_WARN_UNUSED_FUNCTION = YES;
				GCC_WARN_UNUSED_VARIABLE = YES;
				IPHONEOS_DEPLOYMENT_TARGET = 18.0;
				MACOSX_DEPLOYMENT_TARGET = 15.0;
				MARKETING_VERSION = 1.0.0;
				MTL_ENABLE_DEBUG_INFO = INCLUDE_SOURCE;
				MTL_FAST_MATH = YES;
				ONLY_ACTIVE_ARCH = YES;
				PRODUCT_NAME = "$(TARGET_NAME)";
				SWIFT_ACTIVE_COMPILATION_CONDITIONS = DEBUG;
				SWIFT_OPTIMIZATION_LEVEL = "-Onone";
				SWIFT_VERSION = 6.0;
			};
			name = Debug;
		};
		A136E41202D9D23DDD4E0601 /* Debug */ = {
			isa = XCBuildConfiguration;
			buildSettings = {
				CODE_SIGN_ENTITLEMENTS = WhatsAppTranslatorIntents/WhatsAppTranslatorIntents.entitlements;
				INFOPLIST_FILE = WhatsAppTranslatorIntents/Info.plist;
				LD_RUNPATH_SEARCH_PATHS = (
					"$(inherited)",
					"@executable_path/Frameworks",
					"@executable_path/../../Frameworks",
				);
				PRODUCT_BUNDLE_IDENTIFIER = com.vultuk.whatsapptranslator.intents;
				PRODUCT_NAME = WhatsAppTranslatorIntents;
				SDKROOT = iphoneos;
				SKIP_INSTALL = YES;
				TARGETED_DEVICE_FAMILY = "1,2";
			};
			name = Debug;
		};
		A2E289696FC0EE4073AA0AF4 /* Release */ = {
			isa = XCBuildConfiguration;
			buildSettings = {
				APS_ENVIRONMENT = production;
				ASSETCATALOG_COMPILER_APPICON_NAME = AppIcon;
				ASSETCATALOG_COMPILER_GLOBAL_ACCENT_COLOR_NAME = AccentColor;
				CODE_SIGN_ENTITLEMENTS = WhatsAppTranslator/WhatsAppTranslator.entitlements;
				CODE_SIGN_IDENTITY = "iPhone Developer";
				INFOPLIST_FILE = WhatsAppTranslator/Info.plist;
				LD_RUNPATH_SEARCH_PATHS = (
					"$(inherited)",
					"@executable_path/Frameworks",
				);
				PRODUCT_BUNDLE_IDENTIFIER = com.vultuk.whatsapptranslator;
				PRODUCT_NAME = WhatsAppTranslator;
				SDKROOT = iphoneos;
				SUPPORTS_MACCATALYST = NO;
				SUPPORTS_MAC_DESIGNED_FOR_IPHONE_IPAD = NO;
				TARGETED_DEVICE_FAMILY = "1,2";
			};
			name = Release;
		};
		C3638533C7B74A3132B1C4C2 /* Debug */ = {
			isa = XCBuildConfiguration;
			buildSettings = {
				INFOPLIST_FILE = WhatsAppTranslatorNotificationService/Info.plist;
				LD_RUNPATH_SEARCH_PATHS = (
					"$(inherited)",
					"@executable_path/Frameworks",
					"@executable_path/../../Frameworks",
				);
				PRODUCT_BUNDLE_IDENTIFIER = "com.vultuk.whatsapptranslator.notification-service";
				PRODUCT_NAME = NotificationService;
				SDKROOT = iphoneos;
				SKIP_INSTALL = YES;
				TARGETED_DEVICE_FAMILY = "1,2";
			};
			name = Debug;
		};
		E138026324A023C243C82E8C /* Release */ = {
			isa = XCBuildConfiguration;
			buildSettings = {
				BUNDLE_LOADER = "$(TEST_HOST)";
				COMBINE_HIDPI_IMAGES = YES;
				GENERATE_INFOPLIST_FILE = YES;
				LD_RUNPATH_SEARCH_PATHS = (
					"$(inherited)",
					"@executable_path/../Frameworks",
					"@loader_path/../Frameworks",
				);
				MACOSX_DEPLOYMENT_TARGET = 15.0;
				PRODUCT_BUNDLE_IDENTIFIER = "com.vultuk.whatsapptranslator.macos-tests";
				SDKROOT = macosx;
				TEST_HOST = "$(BUILT_PRODUCTS_DIR)/Babel Bridge.app/Contents/MacOS/Babel Bridge";
			};
			name = Release;
		};
		E5B0A6D9B2EB48A2FAD3EB29 /* Debug */ = {
			isa = XCBuildConfiguration;
			buildSettings = {
				APS_ENVIRONMENT = development;
				ASSETCATALOG_COMPILER_APPICON_NAME = AppIcon;
				ASSETCATALOG_COMPILER_GLOBAL_ACCENT_COLOR_NAME = AccentColor;
				CODE_SIGN_ENTITLEMENTS = WhatsAppTranslator/WhatsAppTranslator.entitlements;
				CODE_SIGN_IDENTITY = "iPhone Developer";
				INFOPLIST_FILE = WhatsAppTranslator/Info.plist;
				LD_RUNPATH_SEARCH_PATHS = (
					"$(inherited)",
					"@executable_path/Frameworks",
				);
				PRODUCT_BUNDLE_IDENTIFIER = com.vultuk.whatsapptranslator;
				PRODUCT_NAME = WhatsAppTranslator;
				SDKROOT = iphoneos;
				SUPPORTS_MACCATALYST = NO;
				SUPPORTS_MAC_DESIGNED_FOR_IPHONE_IPAD = NO;
				TARGETED_DEVICE_FAMILY = "1,2";
			};
			name = Debug;
		};
		FD97555D95C10FEE2FD68803 /* Release */ = {
			isa = XCBuildConfiguration;
			buildSettings = {
				CODE_SIGN_ENTITLEMENTS = WhatsAppTranslatorIntents/WhatsAppTranslatorIntents.entitlements;
				INFOPLIST_FILE = WhatsAppTranslatorIntents/Info.plist;
				LD_RUNPATH_SEARCH_PATHS = (
					"$(inherited)",
					"@executable_path/Frameworks",
					"@executable_path/../../Frameworks",
				);
				PRODUCT_BUNDLE_IDENTIFIER = com.vultuk.whatsapptranslator.intents;
				PRODUCT_NAME = WhatsAppTranslatorIntents;
				SDKROOT = iphoneos;
				SKIP_INSTALL = YES;
				TARGETED_DEVICE_FAMILY = "1,2";
			};
			name = Release;
		};
/* End XCBuildConfiguration section */

/* Begin XCConfigurationList section */
		2164878531117440C50F6FE0 /* Build configuration list for PBXNativeTarget "WhatsAppTranslatorTests" */ = {
			isa = XCConfigurationList;
			buildConfigurations = (
				7B4DAA9BC0937A0553228397 /* Debug */,
				24F1D11EA02E3090C6191718 /* Release */,
			);
			defaultConfigurationIsVisible = 0;
			defaultConfigurationName = Debug;
		};
		21BC1E77C70DEAF714B18598 /* Build configuration list for PBXProject "WhatsAppTranslator" */ = {
			isa = XCConfigurationList;
			buildConfigurations = (
				8325D0596ADE46225189812C /* Debug */,
				293ADEC44CF9AFFA38859F30 /* Release */,
			);
			defaultConfigurationIsVisible = 0;
			defaultConfigurationName = Debug;
		};
		244C35451FBDA57393448F5D /* Build configuration list for PBXNativeTarget "BabelBridgeMac" */ = {
			isa = XCConfigurationList;
			buildConfigurations = (
				12C8B117E11603BD3FCE1EA8 /* Debug */,
				31784ACEF0070F8F2E3A0789 /* Release */,
			);
			defaultConfigurationIsVisible = 0;
			defaultConfigurationName = Debug;
		};
		814C5845388D86E4821E5501 /* Build configuration list for PBXNativeTarget "WhatsAppTranslator" */ = {
			isa = XCConfigurationList;
			buildConfigurations = (
				E5B0A6D9B2EB48A2FAD3EB29 /* Debug */,
				A2E289696FC0EE4073AA0AF4 /* Release */,
			);
			defaultConfigurationIsVisible = 0;
			defaultConfigurationName = Debug;
		};
		C047F1E29FA10E5C9E1C3D1F /* Build configuration list for PBXNativeTarget "BabelBridgeMacTests" */ = {
			isa = XCConfigurationList;
			buildConfigurations = (
				641352E5BB1E1E9474D36628 /* Debug */,
				E138026324A023C243C82E8C /* Release */,
			);
			defaultConfigurationIsVisible = 0;
			defaultConfigurationName = Debug;
		};
		CE47F91873B635D5E53EC99F /* Build configuration list for PBXNativeTarget "WhatsAppTranslatorIntents" */ = {
			isa = XCConfigurationList;
			buildConfigurations = (
				A136E41202D9D23DDD4E0601 /* Debug */,
				FD97555D95C10FEE2FD68803 /* Release */,
			);
			defaultConfigurationIsVisible = 0;
			defaultConfigurationName = Debug;
		};
		EC19B216470048C2E6A07595 /* Build configuration list for PBXNativeTarget "WhatsAppTranslatorNotificationService" */ = {
			isa = XCConfigurationList;
			buildConfigurations = (
				C3638533C7B74A3132B1C4C2 /* Debug */,
				19657C53C3038715A2767EEC /* Release */,
			);
			defaultConfigurationIsVisible = 0;
			defaultConfigurationName = Debug;
		};
/* End XCConfigurationList section */
	};
	rootObject = 5B8FAE79EDFC3627EE13D148 /* Project object */;
}
